// !$*UTF8*$!
{
	archiveVersion = 1;
	classes = {
	};
	objectVersion = 46;
	objects = {

/* Begin PBXBuildFile section */
		0DFACB9E17FB06A1007DDDD7 /* Default-568h@2x.png in Resources */ = {isa = PBXBuildFile; fileRef = 0DFACB9D17FB06A1007DDDD7 /* Default-568h@2x.png */; };
		836784871BB57D570033C7A8 /* donate.png in Resources */ = {isa = PBXBuildFile; fileRef = 836784861BB57D570033C7A8 /* donate.png */; };
		836D119B1B7B4769000E99CA /* scrollmode.png in Resources */ = {isa = PBXBuildFile; fileRef = 836D119A1B7B4769000E99CA /* scrollmode.png */; };
		839EAB7E1B61119D00755515 /* Images.xcassets in Resources */ = {isa = PBXBuildFile; fileRef = 839EAB7D1B61119D00755515 /* Images.xcassets */; };
		83A6D92B1B760DE9005E8036 /* qmolebanner.png in Resources */ = {isa = PBXBuildFile; fileRef = 83A6D92A1B760DE9005E8036 /* qmolebanner.png */; };
		83A756291B723BBC00B70BEB /* QMoleScreenView.m in Sources */ = {isa = PBXBuildFile; fileRef = 83A756281B723BBC00B70BEB /* QMoleScreenView.m */; };
		83A8B5DF1B6A061F00798DF4 /* MyApplication.m in Sources */ = {isa = PBXBuildFile; fileRef = 83A8B5DE1B6A061F00798DF4 /* MyApplication.m */; };
		83FB458A1B79D48000A5CF7C /* mouseswitch.png in Resources */ = {isa = PBXBuildFile; fileRef = 83FB45881B79D48000A5CF7C /* mouseswitch.png */; };
		83FB458B1B79D48000A5CF7C /* pointswitch.png in Resources */ = {isa = PBXBuildFile; fileRef = 83FB45891B79D48000A5CF7C /* pointswitch.png */; };
		DF1FD324174B73BF00124A66 /* cursor.png in Resources */ = {isa = PBXBuildFile; fileRef = DF1FD2F8174B73BF00124A66 /* cursor.png */; };
		DF1FD325174B73BF00124A66 /* cursor@2x.png in Resources */ = {isa = PBXBuildFile; fileRef = DF1FD2F9174B73BF00124A66 /* cursor@2x.png */; };
		DF1FD326174B73BF00124A66 /* disconnect.png in Resources */ = {isa = PBXBuildFile; fileRef = DF1FD2FA174B73BF00124A66 /* disconnect.png */; };
		DF1FD327174B73BF00124A66 /* disconnect@2x.png in Resources */ = {isa = PBXBuildFile; fileRef = DF1FD2FB174B73BF00124A66 /* disconnect@2x.png */; };
		DF1FD328174B73BF00124A66 /* display.png in Resources */ = {isa = PBXBuildFile; fileRef = DF1FD2FC174B73BF00124A66 /* display.png */; };
		DF1FD329174B73BF00124A66 /* display@2x.png in Resources */ = {isa = PBXBuildFile; fileRef = DF1FD2FD174B73BF00124A66 /* display@2x.png */; };
		DF1FD32A174B73BF00124A66 /* hide_keyboard.png in Resources */ = {isa = PBXBuildFile; fileRef = DF1FD2FE174B73BF00124A66 /* hide_keyboard.png */; };
		DF1FD32B174B73BF00124A66 /* hide_keyboard@2x.png in Resources */ = {isa = PBXBuildFile; fileRef = DF1FD2FF174B73BF00124A66 /* hide_keyboard@2x.png */; };
		DF1FD32C174B73BF00124A66 /* hide_picker.png in Resources */ = {isa = PBXBuildFile; fileRef = DF1FD300174B73BF00124A66 /* hide_picker.png */; };
		DF1FD32D174B73BF00124A66 /* hide_picker@2x.png in Resources */ = {isa = PBXBuildFile; fileRef = DF1FD301174B73BF00124A66 /* hide_picker@2x.png */; };
		DF1FD32E174B73BF00124A66 /* hide_toolbar.png in Resources */ = {isa = PBXBuildFile; fileRef = DF1FD302174B73BF00124A66 /* hide_toolbar.png */; };
		DF1FD32F174B73BF00124A66 /* hide_toolbar@2x.png in Resources */ = {isa = PBXBuildFile; fileRef = DF1FD303174B73BF00124A66 /* hide_toolbar@2x.png */; };
		DF1FD330174B73BF00124A66 /* key_down.png in Resources */ = {isa = PBXBuildFile; fileRef = DF1FD304174B73BF00124A66 /* key_down.png */; };
		DF1FD331174B73BF00124A66 /* key_down@2x.png in Resources */ = {isa = PBXBuildFile; fileRef = DF1FD305174B73BF00124A66 /* key_down@2x.png */; };
		DF1FD332174B73BF00124A66 /* key_left.png in Resources */ = {isa = PBXBuildFile; fileRef = DF1FD306174B73BF00124A66 /* key_left.png */; };
		DF1FD333174B73BF00124A66 /* key_left@2x.png in Resources */ = {isa = PBXBuildFile; fileRef = DF1FD307174B73BF00124A66 /* key_left@2x.png */; };
		DF1FD334174B73BF00124A66 /* key_right.png in Resources */ = {isa = PBXBuildFile; fileRef = DF1FD308174B73BF00124A66 /* key_right.png */; };
		DF1FD335174B73BF00124A66 /* key_right@2x.png in Resources */ = {isa = PBXBuildFile; fileRef = DF1FD309174B73BF00124A66 /* key_right@2x.png */; };
		DF1FD336174B73BF00124A66 /* key_up.png in Resources */ = {isa = PBXBuildFile; fileRef = DF1FD30A174B73BF00124A66 /* key_up.png */; };
		DF1FD337174B73BF00124A66 /* key_up@2x.png in Resources */ = {isa = PBXBuildFile; fileRef = DF1FD30B174B73BF00124A66 /* key_up@2x.png */; };
		DF1FD338174B73BF00124A66 /* keyboard.png in Resources */ = {isa = PBXBuildFile; fileRef = DF1FD30C174B73BF00124A66 /* keyboard.png */; };
		DF1FD339174B73BF00124A66 /* keyboard@2x.png in Resources */ = {isa = PBXBuildFile; fileRef = DF1FD30D174B73BF00124A66 /* keyboard@2x.png */; };
		DF1FD342174B73BF00124A66 /* show_toolbar.png in Resources */ = {isa = PBXBuildFile; fileRef = DF1FD316174B73BF00124A66 /* show_toolbar.png */; };
		DF1FD343174B73BF00124A66 /* show_toolbar@2x.png in Resources */ = {isa = PBXBuildFile; fileRef = DF1FD317174B73BF00124A66 /* show_toolbar@2x.png */; };
		DF1FD344174B73BF00124A66 /* libcrypto.a in Frameworks */ = {isa = PBXBuildFile; fileRef = DF1FD31C174B73BF00124A66 /* libcrypto.a */; };
		DF1FD345174B73BF00124A66 /* libRemoteScreenViewer.a in Frameworks */ = {isa = PBXBuildFile; fileRef = DF1FD31D174B73BF00124A66 /* libRemoteScreenViewer.a */; };
		DF1FD346174B73BF00124A66 /* libssh2.a in Frameworks */ = {isa = PBXBuildFile; fileRef = DF1FD31E174B73BF00124A66 /* libssh2.a */; };
		DF1FD347174B73BF00124A66 /* libssl.a in Frameworks */ = {isa = PBXBuildFile; fileRef = DF1FD31F174B73BF00124A66 /* libssl.a */; };
		DF1FD348174B73BF00124A66 /* libturbojpeg-universal.a in Frameworks */ = {isa = PBXBuildFile; fileRef = DF1FD320174B73BF00124A66 /* libturbojpeg-universal.a */; };
		DF1FD349174B73BF00124A66 /* Localizable.strings in Resources */ = {isa = PBXBuildFile; fileRef = DF1FD321174B73BF00124A66 /* Localizable.strings */; };
		DF1FD34B174B73F300124A66 /* QuartzCore.framework in Frameworks */ = {isa = PBXBuildFile; fileRef = DF1FD34A174B73F300124A66 /* QuartzCore.framework */; };
		DFE6DE3A16035D410007A2D0 /* RemoteScreenViewController_iPad.xib in Resources */ = {isa = PBXBuildFile; fileRef = DFE6DE3616035D410007A2D0 /* RemoteScreenViewController_iPad.xib */; };
		DFE6DE3B16035D410007A2D0 /* RemoteScreenViewController_iPhone.xib in Resources */ = {isa = PBXBuildFile; fileRef = DFE6DE3816035D410007A2D0 /* RemoteScreenViewController_iPhone.xib */; };
		DFE6DE3E16035D9A0007A2D0 /* RemoteScreenViewController.m in Sources */ = {isa = PBXBuildFile; fileRef = DFE6DE3D16035D9A0007A2D0 /* RemoteScreenViewController.m */; };
		DFFB907415EE37D2000DCCBF /* UIKit.framework in Frameworks */ = {isa = PBXBuildFile; fileRef = DFFB907315EE37D2000DCCBF /* UIKit.framework */; };
		DFFB907615EE37D2000DCCBF /* Foundation.framework in Frameworks */ = {isa = PBXBuildFile; fileRef = DFFB907515EE37D2000DCCBF /* Foundation.framework */; };
		DFFB907815EE37D2000DCCBF /* CoreGraphics.framework in Frameworks */ = {isa = PBXBuildFile; fileRef = DFFB907715EE37D2000DCCBF /* CoreGraphics.framework */; };
		DFFB907E15EE37D2000DCCBF /* InfoPlist.strings in Resources */ = {isa = PBXBuildFile; fileRef = DFFB907C15EE37D2000DCCBF /* InfoPlist.strings */; };
		DFFB908015EE37D2000DCCBF /* main.m in Sources */ = {isa = PBXBuildFile; fileRef = DFFB907F15EE37D2000DCCBF /* main.m */; };
		DFFB908415EE37D2000DCCBF /* AppDelegate.m in Sources */ = {isa = PBXBuildFile; fileRef = DFFB908315EE37D2000DCCBF /* AppDelegate.m */; };
		DFFB908715EE37D2000DCCBF /* AuthViewController.m in Sources */ = {isa = PBXBuildFile; fileRef = DFFB908615EE37D2000DCCBF /* AuthViewController.m */; };
		DFFB908A15EE37D2000DCCBF /* AuthViewController_iPhone.xib in Resources */ = {isa = PBXBuildFile; fileRef = DFFB908815EE37D2000DCCBF /* AuthViewController_iPhone.xib */; };
		DFFB908D15EE37D2000DCCBF /* AuthViewController_iPad.xib in Resources */ = {isa = PBXBuildFile; fileRef = DFFB908B15EE37D2000DCCBF /* AuthViewController_iPad.xib */; };
		DFFB90D115EE3F4D000DCCBF /* libz.dylib in Frameworks */ = {isa = PBXBuildFile; fileRef = DFFB90D015EE3F4D000DCCBF /* libz.dylib */; };
/* End PBXBuildFile section */

/* Begin PBXFileReference section */
		0DFACB9D17FB06A1007DDDD7 /* Default-568h@2x.png */ = {isa = PBXFileReference; lastKnownFileType = image.png; path = "Default-568h@2x.png"; sourceTree = "<group>"; };
		836784861BB57D570033C7A8 /* donate.png */ = {isa = PBXFileReference; lastKnownFileType = image.png; path = donate.png; sourceTree = "<group>"; };
		836D119A1B7B4769000E99CA /* scrollmode.png */ = {isa = PBXFileReference; lastKnownFileType = image.png; name = scrollmode.png; path = QMole/RemoteScreenViewerSDK/images/scrollmode.png; sourceTree = SOURCE_ROOT; };
		839EAB7D1B61119D00755515 /* Images.xcassets */ = {isa = PBXFileReference; lastKnownFileType = folder.assetcatalog; name = Images.xcassets; path = QMole/Images.xcassets; sourceTree = "<group>"; };
		83A6D92A1B760DE9005E8036 /* qmolebanner.png */ = {isa = PBXFileReference; lastKnownFileType = image.png; path = qmolebanner.png; sourceTree = "<group>"; };
		83A756271B723BBC00B70BEB /* QMoleScreenView.h */ = {isa = PBXFileReference; fileEncoding = 4; lastKnownFileType = sourcecode.c.h; path = QMoleScreenView.h; sourceTree = "<group>"; };
		83A756281B723BBC00B70BEB /* QMoleScreenView.m */ = {isa = PBXFileReference; fileEncoding = 4; lastKnownFileType = sourcecode.c.objc; path = QMoleScreenView.m; sourceTree = "<group>"; };
		83A8B5DD1B6A061F00798DF4 /* MyApplication.h */ = {isa = PBXFileReference; fileEncoding = 4; lastKnownFileType = sourcecode.c.h; path = MyApplication.h; sourceTree = "<group>"; };
		83A8B5DE1B6A061F00798DF4 /* MyApplication.m */ = {isa = PBXFileReference; fileEncoding = 4; lastKnownFileType = sourcecode.c.objc; path = MyApplication.m; sourceTree = "<group>"; };
		83FB45881B79D48000A5CF7C /* mouseswitch.png */ = {isa = PBXFileReference; lastKnownFileType = image.png; name = mouseswitch.png; path = QMole/RemoteScreenViewerSDK/images/mouseswitch.png; sourceTree = SOURCE_ROOT; };
		83FB45891B79D48000A5CF7C /* pointswitch.png */ = {isa = PBXFileReference; lastKnownFileType = image.png; name = pointswitch.png; path = QMole/RemoteScreenViewerSDK/images/pointswitch.png; sourceTree = SOURCE_ROOT; };
		DF1FD2F8174B73BF00124A66 /* cursor.png */ = {isa = PBXFileReference; lastKnownFileType = image.png; path = cursor.png; sourceTree = "<group>"; };
		DF1FD2F9174B73BF00124A66 /* cursor@2x.png */ = {isa = PBXFileReference; lastKnownFileType = image.png; path = "cursor@2x.png"; sourceTree = "<group>"; };
		DF1FD2FA174B73BF00124A66 /* disconnect.png */ = {isa = PBXFileReference; lastKnownFileType = image.png; path = disconnect.png; sourceTree = "<group>"; };
		DF1FD2FB174B73BF00124A66 /* disconnect@2x.png */ = {isa = PBXFileReference; lastKnownFileType = image.png; path = "disconnect@2x.png"; sourceTree = "<group>"; };
		DF1FD2FC174B73BF00124A66 /* display.png */ = {isa = PBXFileReference; lastKnownFileType = image.png; path = display.png; sourceTree = "<group>"; };
		DF1FD2FD174B73BF00124A66 /* display@2x.png */ = {isa = PBXFileReference; lastKnownFileType = image.png; path = "display@2x.png"; sourceTree = "<group>"; };
		DF1FD2FE174B73BF00124A66 /* hide_keyboard.png */ = {isa = PBXFileReference; lastKnownFileType = image.png; path = hide_keyboard.png; sourceTree = "<group>"; };
		DF1FD2FF174B73BF00124A66 /* hide_keyboard@2x.png */ = {isa = PBXFileReference; lastKnownFileType = image.png; path = "hide_keyboard@2x.png"; sourceTree = "<group>"; };
		DF1FD300174B73BF00124A66 /* hide_picker.png */ = {isa = PBXFileReference; lastKnownFileType = image.png; path = hide_picker.png; sourceTree = "<group>"; };
		DF1FD301174B73BF00124A66 /* hide_picker@2x.png */ = {isa = PBXFileReference; lastKnownFileType = image.png; path = "hide_picker@2x.png"; sourceTree = "<group>"; };
		DF1FD302174B73BF00124A66 /* hide_toolbar.png */ = {isa = PBXFileReference; lastKnownFileType = image.png; path = hide_toolbar.png; sourceTree = "<group>"; };
		DF1FD303174B73BF00124A66 /* hide_toolbar@2x.png */ = {isa = PBXFileReference; lastKnownFileType = image.png; path = "hide_toolbar@2x.png"; sourceTree = "<group>"; };
		DF1FD304174B73BF00124A66 /* key_down.png */ = {isa = PBXFileReference; lastKnownFileType = image.png; path = key_down.png; sourceTree = "<group>"; };
		DF1FD305174B73BF00124A66 /* key_down@2x.png */ = {isa = PBXFileReference; lastKnownFileType = image.png; path = "key_down@2x.png"; sourceTree = "<group>"; };
		DF1FD306174B73BF00124A66 /* key_left.png */ = {isa = PBXFileReference; lastKnownFileType = image.png; path = key_left.png; sourceTree = "<group>"; };
		DF1FD307174B73BF00124A66 /* key_left@2x.png */ = {isa = PBXFileReference; lastKnownFileType = image.png; path = "key_left@2x.png"; sourceTree = "<group>"; };
		DF1FD308174B73BF00124A66 /* key_right.png */ = {isa = PBXFileReference; lastKnownFileType = image.png; path = key_right.png; sourceTree = "<group>"; };
		DF1FD309174B73BF00124A66 /* key_right@2x.png */ = {isa = PBXFileReference; lastKnownFileType = image.png; path = "key_right@2x.png"; sourceTree = "<group>"; };
		DF1FD30A174B73BF00124A66 /* key_up.png */ = {isa = PBXFileReference; lastKnownFileType = image.png; path = key_up.png; sourceTree = "<group>"; };
		DF1FD30B174B73BF00124A66 /* key_up@2x.png */ = {isa = PBXFileReference; lastKnownFileType = image.png; path = "key_up@2x.png"; sourceTree = "<group>"; };
		DF1FD30C174B73BF00124A66 /* keyboard.png */ = {isa = PBXFileReference; lastKnownFileType = image.png; path = keyboard.png; sourceTree = "<group>"; };
		DF1FD30D174B73BF00124A66 /* keyboard@2x.png */ = {isa = PBXFileReference; lastKnownFileType = image.png; path = "keyboard@2x.png"; sourceTree = "<group>"; };
		DF1FD316174B73BF00124A66 /* show_toolbar.png */ = {isa = PBXFileReference; lastKnownFileType = image.png; path = show_toolbar.png; sourceTree = "<group>"; };
		DF1FD317174B73BF00124A66 /* show_toolbar@2x.png */ = {isa = PBXFileReference; lastKnownFileType = image.png; path = "show_toolbar@2x.png"; sourceTree = "<group>"; };
		DF1FD319174B73BF00124A66 /* RemoteScreenView.h */ = {isa = PBXFileReference; fileEncoding = 4; lastKnownFileType = sourcecode.c.h; path = RemoteScreenView.h; sourceTree = "<group>"; };
		DF1FD31A174B73BF00124A66 /* RSServer.h */ = {isa = PBXFileReference; fileEncoding = 4; lastKnownFileType = sourcecode.c.h; path = RSServer.h; sourceTree = "<group>"; };
		DF1FD31B174B73BF00124A66 /* RSSession.h */ = {isa = PBXFileReference; fileEncoding = 4; lastKnownFileType = sourcecode.c.h; path = RSSession.h; sourceTree = "<group>"; };
		DF1FD31C174B73BF00124A66 /* libcrypto.a */ = {isa = PBXFileReference; lastKnownFileType = archive.ar; path = libcrypto.a; sourceTree = "<group>"; };
		DF1FD31D174B73BF00124A66 /* libRemoteScreenViewer.a */ = {isa = PBXFileReference; lastKnownFileType = archive.ar; path = libRemoteScreenViewer.a; sourceTree = "<group>"; };
		DF1FD31E174B73BF00124A66 /* libssh2.a */ = {isa = PBXFileReference; lastKnownFileType = archive.ar; path = libssh2.a; sourceTree = "<group>"; };
		DF1FD31F174B73BF00124A66 /* libssl.a */ = {isa = PBXFileReference; lastKnownFileType = archive.ar; path = libssl.a; sourceTree = "<group>"; };
		DF1FD320174B73BF00124A66 /* libturbojpeg-universal.a */ = {isa = PBXFileReference; lastKnownFileType = archive.ar; path = "libturbojpeg-universal.a"; sourceTree = "<group>"; };
		DF1FD321174B73BF00124A66 /* Localizable.strings */ = {isa = PBXFileReference; fileEncoding = 4; lastKnownFileType = text.plist.strings; path = Localizable.strings; sourceTree = "<group>"; };
		DF1FD34A174B73F300124A66 /* QuartzCore.framework */ = {isa = PBXFileReference; lastKnownFileType = wrapper.framework; name = QuartzCore.framework; path = System/Library/Frameworks/QuartzCore.framework; sourceTree = SDKROOT; };
		DFE6DE3716035D410007A2D0 /* en */ = {isa = PBXFileReference; lastKnownFileType = file.xib; name = en; path = en.lproj/RemoteScreenViewController_iPad.xib; sourceTree = "<group>"; };
		DFE6DE3916035D410007A2D0 /* en */ = {isa = PBXFileReference; lastKnownFileType = file.xib; name = en; path = en.lproj/RemoteScreenViewController_iPhone.xib; sourceTree = "<group>"; };
		DFE6DE3C16035D9A0007A2D0 /* RemoteScreenViewController.h */ = {isa = PBXFileReference; fileEncoding = 4; lastKnownFileType = sourcecode.c.h; path = RemoteScreenViewController.h; sourceTree = "<group>"; };
		DFE6DE3D16035D9A0007A2D0 /* RemoteScreenViewController.m */ = {isa = PBXFileReference; fileEncoding = 4; lastKnownFileType = sourcecode.c.objc; path = RemoteScreenViewController.m; sourceTree = "<group>"; };
		DFFB906F15EE37D2000DCCBF /* QMole.app */ = {isa = PBXFileReference; explicitFileType = wrapper.application; includeInIndex = 0; path = QMole.app; sourceTree = BUILT_PRODUCTS_DIR; };
		DFFB907315EE37D2000DCCBF /* UIKit.framework */ = {isa = PBXFileReference; lastKnownFileType = wrapper.framework; name = UIKit.framework; path = System/Library/Frameworks/UIKit.framework; sourceTree = SDKROOT; };
		DFFB907515EE37D2000DCCBF /* Foundation.framework */ = {isa = PBXFileReference; lastKnownFileType = wrapper.framework; name = Foundation.framework; path = System/Library/Frameworks/Foundation.framework; sourceTree = SDKROOT; };
		DFFB907715EE37D2000DCCBF /* CoreGraphics.framework */ = {isa = PBXFileReference; lastKnownFileType = wrapper.framework; name = CoreGraphics.framework; path = System/Library/Frameworks/CoreGraphics.framework; sourceTree = SDKROOT; };
		DFFB907B15EE37D2000DCCBF /* QMole-Info.plist */ = {isa = PBXFileReference; lastKnownFileType = text.plist.xml; path = "QMole-Info.plist"; sourceTree = "<group>"; };
		DFFB907D15EE37D2000DCCBF /* en */ = {isa = PBXFileReference; lastKnownFileType = text.plist.strings; name = en; path = en.lproj/InfoPlist.strings; sourceTree = "<group>"; };
		DFFB907F15EE37D2000DCCBF /* main.m */ = {isa = PBXFileReference; lastKnownFileType = sourcecode.c.objc; path = main.m; sourceTree = "<group>"; };
		DFFB908115EE37D2000DCCBF /* QMole-Prefix.pch */ = {isa = PBXFileReference; lastKnownFileType = sourcecode.c.h; path = "QMole-Prefix.pch"; sourceTree = "<group>"; };
		DFFB908215EE37D2000DCCBF /* AppDelegate.h */ = {isa = PBXFileReference; lastKnownFileType = sourcecode.c.h; path = AppDelegate.h; sourceTree = "<group>"; };
		DFFB908315EE37D2000DCCBF /* AppDelegate.m */ = {isa = PBXFileReference; lastKnownFileType = sourcecode.c.objc; path = AppDelegate.m; sourceTree = "<group>"; };
		DFFB908515EE37D2000DCCBF /* AuthViewController.h */ = {isa = PBXFileReference; lastKnownFileType = sourcecode.c.h; path = AuthViewController.h; sourceTree = "<group>"; };
		DFFB908615EE37D2000DCCBF /* AuthViewController.m */ = {isa = PBXFileReference; lastKnownFileType = sourcecode.c.objc; path = AuthViewController.m; sourceTree = "<group>"; };
		DFFB908915EE37D2000DCCBF /* en */ = {isa = PBXFileReference; lastKnownFileType = file.xib; name = en; path = en.lproj/AuthViewController_iPhone.xib; sourceTree = "<group>"; };
		DFFB908C15EE37D2000DCCBF /* en */ = {isa = PBXFileReference; lastKnownFileType = file.xib; name = en; path = en.lproj/AuthViewController_iPad.xib; sourceTree = "<group>"; };
		DFFB90D015EE3F4D000DCCBF /* libz.dylib */ = {isa = PBXFileReference; lastKnownFileType = "compiled.mach-o.dylib"; name = libz.dylib; path = usr/lib/libz.dylib; sourceTree = SDKROOT; };
/* End PBXFileReference section */

/* Begin PBXFrameworksBuildPhase section */
		DFFB906C15EE37D2000DCCBF /* Frameworks */ = {
			isa = PBXFrameworksBuildPhase;
			buildActionMask = 2147483647;
			files = (
				DF1FD34B174B73F300124A66 /* QuartzCore.framework in Frameworks */,
				DFFB907815EE37D2000DCCBF /* CoreGraphics.framework in Frameworks */,
				DFFB90D115EE3F4D000DCCBF /* libz.dylib in Frameworks */,
				DFFB907415EE37D2000DCCBF /* UIKit.framework in Frameworks */,
				DFFB907615EE37D2000DCCBF /* Foundation.framework in Frameworks */,
				DF1FD344174B73BF00124A66 /* libcrypto.a in Frameworks */,
				DF1FD345174B73BF00124A66 /* libRemoteScreenViewer.a in Frameworks */,
				DF1FD346174B73BF00124A66 /* libssh2.a in Frameworks */,
				DF1FD347174B73BF00124A66 /* libssl.a in Frameworks */,
				DF1FD348174B73BF00124A66 /* libturbojpeg-universal.a in Frameworks */,
			);
			runOnlyForDeploymentPostprocessing = 0;
		};
/* End PBXFrameworksBuildPhase section */

/* Begin PBXGroup section */
		DF1FD2F4174B73BF00124A66 /* RemoteScreenViewerSDK */ = {
			isa = PBXGroup;
			children = (
				DF1FD2F5174B73BF00124A66 /* images */,
				DF1FD318174B73BF00124A66 /* include */,
				DF1FD31C174B73BF00124A66 /* libcrypto.a */,
				DF1FD31D174B73BF00124A66 /* libRemoteScreenViewer.a */,
				DF1FD31E174B73BF00124A66 /* libssh2.a */,
				DF1FD31F174B73BF00124A66 /* libssl.a */,
				DF1FD320174B73BF00124A66 /* libturbojpeg-universal.a */,
				DF1FD321174B73BF00124A66 /* Localizable.strings */,
			);
			name = RemoteScreenViewerSDK;
			path = QMole/RemoteScreenViewerSDK;
			sourceTree = "<group>";
		};
		DF1FD2F5174B73BF00124A66 /* images */ = {
			isa = PBXGroup;
			children = (
				836D119A1B7B4769000E99CA /* scrollmode.png */,
				83FB45881B79D48000A5CF7C /* mouseswitch.png */,
				83FB45891B79D48000A5CF7C /* pointswitch.png */,
				DF1FD2F8174B73BF00124A66 /* cursor.png */,
				DF1FD2F9174B73BF00124A66 /* cursor@2x.png */,
				DF1FD2FA174B73BF00124A66 /* disconnect.png */,
				DF1FD2FB174B73BF00124A66 /* disconnect@2x.png */,
				DF1FD2FC174B73BF00124A66 /* display.png */,
				DF1FD2FD174B73BF00124A66 /* display@2x.png */,
				DF1FD2FE174B73BF00124A66 /* hide_keyboard.png */,
				DF1FD2FF174B73BF00124A66 /* hide_keyboard@2x.png */,
				DF1FD300174B73BF00124A66 /* hide_picker.png */,
				DF1FD301174B73BF00124A66 /* hide_picker@2x.png */,
				DF1FD302174B73BF00124A66 /* hide_toolbar.png */,
				DF1FD303174B73BF00124A66 /* hide_toolbar@2x.png */,
				DF1FD304174B73BF00124A66 /* key_down.png */,
				DF1FD305174B73BF00124A66 /* key_down@2x.png */,
				DF1FD306174B73BF00124A66 /* key_left.png */,
				DF1FD307174B73BF00124A66 /* key_left@2x.png */,
				DF1FD308174B73BF00124A66 /* key_right.png */,
				DF1FD309174B73BF00124A66 /* key_right@2x.png */,
				DF1FD30A174B73BF00124A66 /* key_up.png */,
				DF1FD30B174B73BF00124A66 /* key_up@2x.png */,
				DF1FD30C174B73BF00124A66 /* keyboard.png */,
				DF1FD30D174B73BF00124A66 /* keyboard@2x.png */,
				DF1FD316174B73BF00124A66 /* show_toolbar.png */,
				DF1FD317174B73BF00124A66 /* show_toolbar@2x.png */,
			);
			name = images;
			path = ../../../RemoteScreenViewerSDK/images;
			sourceTree = "<group>";
		};
		DF1FD318174B73BF00124A66 /* include */ = {
			isa = PBXGroup;
			children = (
				DF1FD319174B73BF00124A66 /* RemoteScreenView.h */,
				DF1FD31A174B73BF00124A66 /* RSServer.h */,
				DF1FD31B174B73BF00124A66 /* RSSession.h */,
			);
			path = include;
			sourceTree = "<group>";
		};
		DFFB906415EE37D2000DCCBF = {
			isa = PBXGroup;
			children = (
				839EAB7D1B61119D00755515 /* Images.xcassets */,
				DFFB907915EE37D2000DCCBF /* Qmole */,
				DFFB907215EE37D2000DCCBF /* Frameworks */,
				DFFB907015EE37D2000DCCBF /* Products */,
			);
			sourceTree = "<group>";
		};
		DFFB907015EE37D2000DCCBF /* Products */ = {
			isa = PBXGroup;
			children = (
				DFFB906F15EE37D2000DCCBF /* QMole.app */,
			);
			name = Products;
			sourceTree = "<group>";
		};
		DFFB907215EE37D2000DCCBF /* Frameworks */ = {
			isa = PBXGroup;
			children = (
				DF1FD2F4174B73BF00124A66 /* RemoteScreenViewerSDK */,
				DFFB90D015EE3F4D000DCCBF /* libz.dylib */,
				DF1FD34A174B73F300124A66 /* QuartzCore.framework */,
				DFFB907315EE37D2000DCCBF /* UIKit.framework */,
				DFFB907515EE37D2000DCCBF /* Foundation.framework */,
				DFFB907715EE37D2000DCCBF /* CoreGraphics.framework */,
			);
			name = Frameworks;
			sourceTree = "<group>";
		};
		DFFB907915EE37D2000DCCBF /* Qmole */ = {
			isa = PBXGroup;
			children = (
				836784861BB57D570033C7A8 /* donate.png */,
				DFFB908215EE37D2000DCCBF /* AppDelegate.h */,
				83A8B5DD1B6A061F00798DF4 /* MyApplication.h */,
				83A8B5DE1B6A061F00798DF4 /* MyApplication.m */,
				DFFB908315EE37D2000DCCBF /* AppDelegate.m */,
				DFFB908515EE37D2000DCCBF /* AuthViewController.h */,
				DFFB908615EE37D2000DCCBF /* AuthViewController.m */,
				83A756271B723BBC00B70BEB /* QMoleScreenView.h */,
				83A756281B723BBC00B70BEB /* QMoleScreenView.m */,
				DFE6DE3C16035D9A0007A2D0 /* RemoteScreenViewController.h */,
				DFE6DE3D16035D9A0007A2D0 /* RemoteScreenViewController.m */,
				DFFB908815EE37D2000DCCBF /* AuthViewController_iPhone.xib */,
				DFFB908B15EE37D2000DCCBF /* AuthViewController_iPad.xib */,
				DFE6DE3616035D410007A2D0 /* RemoteScreenViewController_iPad.xib */,
				DFE6DE3816035D410007A2D0 /* RemoteScreenViewController_iPhone.xib */,
				DFFB907A15EE37D2000DCCBF /* Supporting Files */,
			);
			name = Qmole;
			path = QMole;
			sourceTree = "<group>";
		};
		DFFB907A15EE37D2000DCCBF /* Supporting Files */ = {
			isa = PBXGroup;
			children = (
				83A6D92A1B760DE9005E8036 /* qmolebanner.png */,
				0DFACB9D17FB06A1007DDDD7 /* Default-568h@2x.png */,
				DFFB907B15EE37D2000DCCBF /* QMole-Info.plist */,
				DFFB907C15EE37D2000DCCBF /* InfoPlist.strings */,
				DFFB907F15EE37D2000DCCBF /* main.m */,
				DFFB908115EE37D2000DCCBF /* QMole-Prefix.pch */,
			);
			name = "Supporting Files";
			sourceTree = "<group>";
		};
/* End PBXGroup section */

/* Begin PBXNativeTarget section */
		DFFB906E15EE37D2000DCCBF /* QMole */ = {
			isa = PBXNativeTarget;
			buildConfigurationList = DFFB909015EE37D2000DCCBF /* Build configuration list for PBXNativeTarget "QMole" */;
			buildPhases = (
				DFFB906B15EE37D2000DCCBF /* Sources */,
				DFFB906C15EE37D2000DCCBF /* Frameworks */,
				DFFB906D15EE37D2000DCCBF /* Resources */,
			);
			buildRules = (
			);
			dependencies = (
			);
			name = QMole;
			productName = QMole;
			productReference = DFFB906F15EE37D2000DCCBF /* QMole.app */;
			productType = "com.apple.product-type.application";
		};
/* End PBXNativeTarget section */

/* Begin PBXProject section */
		DFFB906615EE37D2000DCCBF /* Project object */ = {
			isa = PBXProject;
			attributes = {
				LastUpgradeCheck = 0620;
				ORGANIZATIONNAME = "QMole Ltd.";
				TargetAttributes = {
					DFFB906E15EE37D2000DCCBF = {
						SystemCapabilities = {
							com.apple.BackgroundModes = {
								enabled = 1;
							};
						};
					};
				};
			};
			buildConfigurationList = DFFB906915EE37D2000DCCBF /* Build configuration list for PBXProject "QMole" */;
			compatibilityVersion = "Xcode 3.2";
			developmentRegion = English;
			hasScannedForEncodings = 0;
			knownRegions = (
				en,
			);
			mainGroup = DFFB906415EE37D2000DCCBF;
			productRefGroup = DFFB907015EE37D2000DCCBF /* Products */;
			projectDirPath = "";
			projectRoot = "";
			targets = (
				DFFB906E15EE37D2000DCCBF /* QMole */,
			);
		};
/* End PBXProject section */

/* Begin PBXResourcesBuildPhase section */
		DFFB906D15EE37D2000DCCBF /* Resources */ = {
			isa = PBXResourcesBuildPhase;
			buildActionMask = 2147483647;
			files = (
				DFFB907E15EE37D2000DCCBF /* InfoPlist.strings in Resources */,
				836784871BB57D570033C7A8 /* donate.png in Resources */,
				839EAB7E1B61119D00755515 /* Images.xcassets in Resources */,
				DFFB908A15EE37D2000DCCBF /* AuthViewController_iPhone.xib in Resources */,
				DFFB908D15EE37D2000DCCBF /* AuthViewController_iPad.xib in Resources */,
				DFE6DE3A16035D410007A2D0 /* RemoteScreenViewController_iPad.xib in Resources */,
				DFE6DE3B16035D410007A2D0 /* RemoteScreenViewController_iPhone.xib in Resources */,
				DF1FD324174B73BF00124A66 /* cursor.png in Resources */,
				DF1FD325174B73BF00124A66 /* cursor@2x.png in Resources */,
				DF1FD326174B73BF00124A66 /* disconnect.png in Resources */,
				836D119B1B7B4769000E99CA /* scrollmode.png in Resources */,
				DF1FD327174B73BF00124A66 /* disconnect@2x.png in Resources */,
				DF1FD328174B73BF00124A66 /* display.png in Resources */,
				DF1FD329174B73BF00124A66 /* display@2x.png in Resources */,
				DF1FD32A174B73BF00124A66 /* hide_keyboard.png in Resources */,
				DF1FD32B174B73BF00124A66 /* hide_keyboard@2x.png in Resources */,
				DF1FD32C174B73BF00124A66 /* hide_picker.png in Resources */,
				DF1FD32D174B73BF00124A66 /* hide_picker@2x.png in Resources */,
				DF1FD32E174B73BF00124A66 /* hide_toolbar.png in Resources */,
				DF1FD32F174B73BF00124A66 /* hide_toolbar@2x.png in Resources */,
				DF1FD330174B73BF00124A66 /* key_down.png in Resources */,
				DF1FD331174B73BF00124A66 /* key_down@2x.png in Resources */,
				DF1FD332174B73BF00124A66 /* key_left.png in Resources */,
				DF1FD333174B73BF00124A66 /* key_left@2x.png in Resources */,
				DF1FD334174B73BF00124A66 /* key_right.png in Resources */,
				DF1FD335174B73BF00124A66 /* key_right@2x.png in Resources */,
				83FB458B1B79D48000A5CF7C /* pointswitch.png in Resources */,
				0DFACB9E17FB06A1007DDDD7 /* Default-568h@2x.png in Resources */,
				DF1FD336174B73BF00124A66 /* key_up.png in Resources */,
				DF1FD337174B73BF00124A66 /* key_up@2x.png in Resources */,
				83FB458A1B79D48000A5CF7C /* mouseswitch.png in Resources */,
				DF1FD338174B73BF00124A66 /* keyboard.png in Resources */,
				83A6D92B1B760DE9005E8036 /* qmolebanner.png in Resources */,
				DF1FD339174B73BF00124A66 /* keyboard@2x.png in Resources */,
				DF1FD342174B73BF00124A66 /* show_toolbar.png in Resources */,
				DF1FD343174B73BF00124A66 /* show_toolbar@2x.png in Resources */,
				DF1FD349174B73BF00124A66 /* Localizable.strings in Resources */,
			);
			runOnlyForDeploymentPostprocessing = 0;
		};
/* End PBXResourcesBuildPhase section */

/* Begin PBXSourcesBuildPhase section */
		DFFB906B15EE37D2000DCCBF /* Sources */ = {
			isa = PBXSourcesBuildPhase;
			buildActionMask = 2147483647;
			files = (
				DFFB908015EE37D2000DCCBF /* main.m in Sources */,
				83A756291B723BBC00B70BEB /* QMoleScreenView.m in Sources */,
				83A8B5DF1B6A061F00798DF4 /* MyApplication.m in Sources */,
				DFFB908415EE37D2000DCCBF /* AppDelegate.m in Sources */,
				DFFB908715EE37D2000DCCBF /* AuthViewController.m in Sources */,
				DFE6DE3E16035D9A0007A2D0 /* RemoteScreenViewController.m in Sources */,
			);
			runOnlyForDeploymentPostprocessing = 0;
		};
/* End PBXSourcesBuildPhase section */

/* Begin PBXVariantGroup section */
		DFE6DE3616035D410007A2D0 /* RemoteScreenViewController_iPad.xib */ = {
			isa = PBXVariantGroup;
			children = (
				DFE6DE3716035D410007A2D0 /* en */,
			);
			name = RemoteScreenViewController_iPad.xib;
			sourceTree = "<group>";
		};
		DFE6DE3816035D410007A2D0 /* RemoteScreenViewController_iPhone.xib */ = {
			isa = PBXVariantGroup;
			children = (
				DFE6DE3916035D410007A2D0 /* en */,
			);
			name = RemoteScreenViewController_iPhone.xib;
			sourceTree = "<group>";
		};
		DFFB907C15EE37D2000DCCBF /* InfoPlist.strings */ = {
			isa = PBXVariantGroup;
			children = (
				DFFB907D15EE37D2000DCCBF /* en */,
			);
			name = InfoPlist.strings;
			sourceTree = "<group>";
		};
		DFFB908815EE37D2000DCCBF /* AuthViewController_iPhone.xib */ = {
			isa = PBXVariantGroup;
			children = (
				DFFB908915EE37D2000DCCBF /* en */,
			);
			name = AuthViewController_iPhone.xib;
			sourceTree = "<group>";
		};
		DFFB908B15EE37D2000DCCBF /* AuthViewController_iPad.xib */ = {
			isa = PBXVariantGroup;
			children = (
				DFFB908C15EE37D2000DCCBF /* en */,
			);
			name = AuthViewController_iPad.xib;
			sourceTree = "<group>";
		};
/* End PBXVariantGroup section */

/* Begin XCBuildConfiguration section */
		DFFB908E15EE37D2000DCCBF /* Debug */ = {
			isa = XCBuildConfiguration;
			buildSettings = {
				ALWAYS_SEARCH_USER_PATHS = NO;
				CLANG_CXX_LANGUAGE_STANDARD = "gnu++0x";
				CLANG_WARN_BOOL_CONVERSION = YES;
				CLANG_WARN_CONSTANT_CONVERSION = YES;
				CLANG_WARN_EMPTY_BODY = YES;
				CLANG_WARN_ENUM_CONVERSION = YES;
				CLANG_WARN_INT_CONVERSION = YES;
				CLANG_WARN_UNREACHABLE_CODE = YES;
				CLANG_WARN__DUPLICATE_METHOD_MATCH = YES;
				"CODE_SIGN_IDENTITY[sdk=iphoneos*]" = "iPhone Developer";
				COPY_PHASE_STRIP = NO;
				ENABLE_STRICT_OBJC_MSGSEND = YES;
				GCC_C_LANGUAGE_STANDARD = gnu99;
				GCC_DYNAMIC_NO_PIC = NO;
				GCC_OPTIMIZATION_LEVEL = 0;
				GCC_PREPROCESSOR_DEFINITIONS = (
					"DEBUG=1",
					"$(inherited)",
				);
				GCC_SYMBOLS_PRIVATE_EXTERN = NO;
				GCC_VERSION = com.apple.compilers.llvm.clang.1_0;
				GCC_WARN_64_TO_32_BIT_CONVERSION = YES;
				GCC_WARN_ABOUT_RETURN_TYPE = YES;
				GCC_WARN_UNDECLARED_SELECTOR = YES;
				GCC_WARN_UNINITIALIZED_AUTOS = YES;
				GCC_WARN_UNUSED_FUNCTION = YES;
				GCC_WARN_UNUSED_VARIABLE = YES;
				IPHONEOS_DEPLOYMENT_TARGET = 5.1;
				ONLY_ACTIVE_ARCH = NO;
				SDKROOT = iphoneos;
				TARGETED_DEVICE_FAMILY = "1,2";
				VALIDATE_PRODUCT = YES;
				VALID_ARCHS = armv7;
			};
			name = Debug;
		};
		DFFB908F15EE37D2000DCCBF /* Release */ = {
			isa = XCBuildConfiguration;
			buildSettings = {
				ALWAYS_SEARCH_USER_PATHS = NO;
				CLANG_CXX_LANGUAGE_STANDARD = "gnu++0x";
				CLANG_WARN_BOOL_CONVERSION = YES;
				CLANG_WARN_CONSTANT_CONVERSION = YES;
				CLANG_WARN_EMPTY_BODY = YES;
				CLANG_WARN_ENUM_CONVERSION = YES;
				CLANG_WARN_INT_CONVERSION = YES;
				CLANG_WARN_UNREACHABLE_CODE = YES;
				CLANG_WARN__DUPLICATE_METHOD_MATCH = YES;
				"CODE_SIGN_IDENTITY[sdk=iphoneos*]" = "iPhone Developer";
				COPY_PHASE_STRIP = YES;
				ENABLE_STRICT_OBJC_MSGSEND = YES;
				GCC_C_LANGUAGE_STANDARD = gnu99;
				GCC_VERSION = com.apple.compilers.llvm.clang.1_0;
				GCC_WARN_64_TO_32_BIT_CONVERSION = YES;
				GCC_WARN_ABOUT_RETURN_TYPE = YES;
				GCC_WARN_UNDECLARED_SELECTOR = YES;
				GCC_WARN_UNINITIALIZED_AUTOS = YES;
				GCC_WARN_UNUSED_FUNCTION = YES;
				GCC_WARN_UNUSED_VARIABLE = YES;
				IPHONEOS_DEPLOYMENT_TARGET = 5.1;
				ONLY_ACTIVE_ARCH = NO;
				OTHER_CFLAGS = "-DNS_BLOCK_ASSERTIONS=1";
				SDKROOT = iphoneos;
				TARGETED_DEVICE_FAMILY = "1,2";
				VALIDATE_PRODUCT = YES;
				VALID_ARCHS = armv7;
			};
			name = Release;
		};
		DFFB909115EE37D2000DCCBF /* Debug */ = {
			isa = XCBuildConfiguration;
			buildSettings = {
				ASSETCATALOG_COMPILER_APPICON_NAME = AppIcon;
				ASSETCATALOG_COMPILER_LAUNCHIMAGE_NAME = LaunchImage;
				CODE_SIGN_IDENTITY = "-";
				GCC_PRECOMPILE_PREFIX_HEADER = YES;
				GCC_PREFIX_HEADER = "QMole/QMole-Prefix.pch";
				GCC_VERSION = com.apple.compilers.llvm.clang.1_0;
				INFOPLIST_FILE = "QMole/QMole-Info.plist";
				IPHONEOS_DEPLOYMENT_TARGET = 5.1.1;
				LIBRARY_SEARCH_PATHS = (
					"$(inherited)",
					"\"$(SRCROOT)/QMole/RemoteScreenViewerSDK\"",
					"\"$(SRCROOT)/../RemoteScreenViewerSDK\"",
				);
				OTHER_LDFLAGS = "-ObjC";
				PRODUCT_NAME = QMole;
				TARGETED_DEVICE_FAMILY = "1,2";
				VALID_ARCHS = armv7;
				WRAPPER_EXTENSION = app;
			};
			name = Debug;
		};
		DFFB909215EE37D2000DCCBF /* Release */ = {
			isa = XCBuildConfiguration;
			buildSettings = {
				ASSETCATALOG_COMPILER_APPICON_NAME = AppIcon;
				ASSETCATALOG_COMPILER_LAUNCHIMAGE_NAME = LaunchImage;
				CODE_SIGN_IDENTITY = "-";
				GCC_PRECOMPILE_PREFIX_HEADER = YES;
				GCC_PREFIX_HEADER = "QMole/QMole-Prefix.pch";
				GCC_VERSION = com.apple.compilers.llvm.clang.1_0;
				INFOPLIST_FILE = "QMole/QMole-Info.plist";
				IPHONEOS_DEPLOYMENT_TARGET = 5.1.1;
				LIBRARY_SEARCH_PATHS = (
					"$(inherited)",
					"\"$(SRCROOT)/QMole/RemoteScreenViewerSDK\"",
					"\"$(SRCROOT)/../RemoteScreenViewerSDK\"",
				);
				ONLY_ACTIVE_ARCH = YES;
				OTHER_LDFLAGS = "-ObjC";
				PRODUCT_NAME = QMole;
				TARGETED_DEVICE_FAMILY = "1,2";
				VALID_ARCHS = armv7;
				WRAPPER_EXTENSION = app;
			};
			name = Release;
		};
/* End XCBuildConfiguration section */

/* Begin XCConfigurationList section */
		DFFB906915EE37D2000DCCBF /* Build configuration list for PBXProject "QMole" */ = {
			isa = XCConfigurationList;
			buildConfigurations = (
				DFFB908E15EE37D2000DCCBF /* Debug */,
				DFFB908F15EE37D2000DCCBF /* Release */,
			);
			defaultConfigurationIsVisible = 0;
			defaultConfigurationName = Release;
		};
		DFFB909015EE37D2000DCCBF /* Build configuration list for PBXNativeTarget "QMole" */ = {
			isa = XCConfigurationList;
			buildConfigurations = (
				DFFB909115EE37D2000DCCBF /* Debug */,
				DFFB909215EE37D2000DCCBF /* Release */,
			);
			defaultConfigurationIsVisible = 0;
			defaultConfigurationName = Release;
		};
/* End XCConfigurationList section */
	};
	rootObject = DFFB906615EE37D2000DCCBF /* Project object */;
}
