Microsoft Visual Studio Solution File, Format Version 9.00
# Visual Studio 2005
Project("{8BC9CEB8-8B4A-11D0-8D11-00A0C91BC942}") = "ZipArc", "ZipArc.vcproj", "{B17FB4B8-941A-4BE4-A3BE-C58C2447E871}"
EndProject
Project("{8BC9CEB8-8B4A-11D0-8D11-00A0C91BC942}") = "ZipArchive", "..\ZipArchive\ZipArchive.vcproj", "{A51CF340-B0EA-4C9B-A2FA-4D7487692EF5}"
EndProject
Global
	GlobalSection(SolutionConfigurationPlatforms) = preSolution
		Debug DLL|Win32 = Debug DLL|Win32
		Debug MFC Static|Win32 = Debug MFC Static|Win32
		Debug STL Unicode|Win32 = Debug STL Unicode|Win32
		Debug STL|Win32 = Debug STL|Win32
		Debug Unicode|Win32 = Debug Unicode|Win32
		Debug|Win32 = Debug|Win32
		Release DLL|Win32 = Release DLL|Win32
		Release MFC Static|Win32 = Release MFC Static|Win32
		Release STL Unicode|Win32 = Release STL Unicode|Win32
		Release STL|Win32 = Release STL|Win32
		Release Unicode DLL|Win32 = Release Unicode DLL|Win32
		Release Unicode MFC Static|Win32 = Release Unicode MFC Static|Win32
		Release Unicode|Win32 = Release Unicode|Win32
		Release|Win32 = Release|Win32
	EndGlobalSection
	GlobalSection(ProjectConfigurationPlatforms) = postSolution
		{B17FB4B8-941A-4BE4-A3BE-C58C2447E871}.Debug DLL|Win32.ActiveCfg = Debug DLL|Win32
		{B17FB4B8-941A-4BE4-A3BE-C58C2447E871}.Debug DLL|Win32.Build.0 = Debug DLL|Win32
		{B17FB4B8-941A-4BE4-A3BE-C58C2447E871}.Debug MFC Static|Win32.ActiveCfg = Debug MFC Static|Win32
		{B17FB4B8-941A-4BE4-A3BE-C58C2447E871}.Debug MFC Static|Win32.Build.0 = Debug MFC Static|Win32
		{B17FB4B8-941A-4BE4-A3BE-C58C2447E871}.Debug STL Unicode|Win32.ActiveCfg = Debug MFC Static|Win32
		{B17FB4B8-941A-4BE4-A3BE-C58C2447E871}.Debug STL Unicode|Win32.Build.0 = Debug MFC Static|Win32
		{B17FB4B8-941A-4BE4-A3BE-C58C2447E871}.Debug STL|Win32.ActiveCfg = Debug MFC Static|Win32
		{B17FB4B8-941A-4BE4-A3BE-C58C2447E871}.Debug STL|Win32.Build.0 = Debug MFC Static|Win32
		{B17FB4B8-941A-4BE4-A3BE-C58C2447E871}.Debug Unicode|Win32.ActiveCfg = Debug Unicode|Win32
		{B17FB4B8-941A-4BE4-A3BE-C58C2447E871}.Debug Unicode|Win32.Build.0 = Debug Unicode|Win32
		{B17FB4B8-941A-4BE4-A3BE-C58C2447E871}.Debug|Win32.ActiveCfg = Debug|Win32
		{B17FB4B8-941A-4BE4-A3BE-C58C2447E871}.Debug|Win32.Build.0 = Debug|Win32
		{B17FB4B8-941A-4BE4-A3BE-C58C2447E871}.Release DLL|Win32.ActiveCfg = Release DLL|Win32
		{B17FB4B8-941A-4BE4-A3BE-C58C2447E871}.Release DLL|Win32.Build.0 = Release DLL|Win32
		{B17FB4B8-941A-4BE4-A3BE-C58C2447E871}.Release MFC Static|Win32.ActiveCfg = Release MFC Static|Win32
		{B17FB4B8-941A-4BE4-A3BE-C58C2447E871}.Release MFC Static|Win32.Build.0 = Release MFC Static|Win32
		{B17FB4B8-941A-4BE4-A3BE-C58C2447E871}.Release STL Unicode|Win32.ActiveCfg = Release Unicode MFC Static|Win32
		{B17FB4B8-941A-4BE4-A3BE-C58C2447E871}.Release STL Unicode|Win32.Build.0 = Release Unicode MFC Static|Win32
		{B17FB4B8-941A-4BE4-A3BE-C58C2447E871}.Release STL|Win32.ActiveCfg = Release Unicode MFC Static|Win32
		{B17FB4B8-941A-4BE4-A3BE-C58C2447E871}.Release STL|Win32.Build.0 = Release Unicode MFC Static|Win32
		{B17FB4B8-941A-4BE4-A3BE-C58C2447E871}.Release Unicode DLL|Win32.ActiveCfg = Release Unicode DLL|Win32
		{B17FB4B8-941A-4BE4-A3BE-C58C2447E871}.Release Unicode DLL|Win32.Build.0 = Release Unicode DLL|Win32
		{B17FB4B8-941A-4BE4-A3BE-C58C2447E871}.Release Unicode MFC Static|Win32.ActiveCfg = Release Unicode MFC Static|Win32
		{B17FB4B8-941A-4BE4-A3BE-C58C2447E871}.Release Unicode MFC Static|Win32.Build.0 = Release Unicode MFC Static|Win32
		{B17FB4B8-941A-4BE4-A3BE-C58C2447E871}.Release Unicode|Win32.ActiveCfg = Release Unicode|Win32
		{B17FB4B8-941A-4BE4-A3BE-C58C2447E871}.Release Unicode|Win32.Build.0 = Release Unicode|Win32
		{B17FB4B8-941A-4BE4-A3BE-C58C2447E871}.Release|Win32.ActiveCfg = Release|Win32
		{B17FB4B8-941A-4BE4-A3BE-C58C2447E871}.Release|Win32.Build.0 = Release|Win32
		{A51CF340-B0EA-4C9B-A2FA-4D7487692EF5}.Debug DLL|Win32.ActiveCfg = Debug DLL|Win32
		{A51CF340-B0EA-4C9B-A2FA-4D7487692EF5}.Debug DLL|Win32.Build.0 = Debug DLL|Win32
		{A51CF340-B0EA-4C9B-A2FA-4D7487692EF5}.Debug MFC Static|Win32.ActiveCfg = Debug MFC Static|Win32
		{A51CF340-B0EA-4C9B-A2FA-4D7487692EF5}.Debug MFC Static|Win32.Build.0 = Debug MFC Static|Win32
		{A51CF340-B0EA-4C9B-A2FA-4D7487692EF5}.Debug STL Unicode|Win32.ActiveCfg = Debug STL Unicode|Win32
		{A51CF340-B0EA-4C9B-A2FA-4D7487692EF5}.Debug STL Unicode|Win32.Build.0 = Debug STL Unicode|Win32
		{A51CF340-B0EA-4C9B-A2FA-4D7487692EF5}.Debug STL|Win32.ActiveCfg = Debug STL|Win32
		{A51CF340-B0EA-4C9B-A2FA-4D7487692EF5}.Debug STL|Win32.Build.0 = Debug STL|Win32
		{A51CF340-B0EA-4C9B-A2FA-4D7487692EF5}.Debug Unicode|Win32.ActiveCfg = Debug Unicode|Win32
		{A51CF340-B0EA-4C9B-A2FA-4D7487692EF5}.Debug Unicode|Win32.Build.0 = Debug Unicode|Win32
		{A51CF340-B0EA-4C9B-A2FA-4D7487692EF5}.Debug|Win32.ActiveCfg = Debug|Win32
		{A51CF340-B0EA-4C9B-A2FA-4D7487692EF5}.Debug|Win32.Build.0 = Debug|Win32
		{A51CF340-B0EA-4C9B-A2FA-4D7487692EF5}.Release DLL|Win32.ActiveCfg = Release DLL|Win32
		{A51CF340-B0EA-4C9B-A2FA-4D7487692EF5}.Release DLL|Win32.Build.0 = Release DLL|Win32
		{A51CF340-B0EA-4C9B-A2FA-4D7487692EF5}.Release MFC Static|Win32.ActiveCfg = Release MFC Static|Win32
		{A51CF340-B0EA-4C9B-A2FA-4D7487692EF5}.Release MFC Static|Win32.Build.0 = Release MFC Static|Win32
		{A51CF340-B0EA-4C9B-A2FA-4D7487692EF5}.Release STL Unicode|Win32.ActiveCfg = Release STL Unicode|Win32
		{A51CF340-B0EA-4C9B-A2FA-4D7487692EF5}.Release STL Unicode|Win32.Build.0 = Release STL Unicode|Win32
		{A51CF340-B0EA-4C9B-A2FA-4D7487692EF5}.Release STL|Win32.ActiveCfg = Release STL|Win32
		{A51CF340-B0EA-4C9B-A2FA-4D7487692EF5}.Release STL|Win32.Build.0 = Release STL|Win32
		{A51CF340-B0EA-4C9B-A2FA-4D7487692EF5}.Release Unicode DLL|Win32.ActiveCfg = Release Unicode DLL|Win32
		{A51CF340-B0EA-4C9B-A2FA-4D7487692EF5}.Release Unicode DLL|Win32.Build.0 = Release Unicode DLL|Win32
		{A51CF340-B0EA-4C9B-A2FA-4D7487692EF5}.Release Unicode MFC Static|Win32.ActiveCfg = Release Unicode MFC Static|Win32
		{A51CF340-B0EA-4C9B-A2FA-4D7487692EF5}.Release Unicode MFC Static|Win32.Build.0 = Release Unicode MFC Static|Win32
		{A51CF340-B0EA-4C9B-A2FA-4D7487692EF5}.Release Unicode|Win32.ActiveCfg = Release Unicode|Win32
		{A51CF340-B0EA-4C9B-A2FA-4D7487692EF5}.Release Unicode|Win32.Build.0 = Release Unicode|Win32
		{A51CF340-B0EA-4C9B-A2FA-4D7487692EF5}.Release|Win32.ActiveCfg = Release|Win32
		{A51CF340-B0EA-4C9B-A2FA-4D7487692EF5}.Release|Win32.Build.0 = Release|Win32
	EndGlobalSection
	GlobalSection(SolutionProperties) = preSolution
		HideSolutionNode = FALSE
	EndGlobalSection
EndGlobal
