// !$*UTF8*$!
{
	archiveVersion = 1;
	classes = {
	};
	objectVersion = 46;
	objects = {

/* Begin PBXBuildFile section */
		83294F441AF4635D005D4F72 /* Foundation.framework in Frameworks */ = {isa = PBXBuildFile; fileRef = 83294F431AF4635D005D4F72 /* Foundation.framework */; };
		83294F4E1AF4635D005D4F72 /* InfoPlist.strings in Resources */ = {isa = PBXBuildFile; fileRef = 83294F4C1AF4635D005D4F72 /* InfoPlist.strings */; };
		83294F501AF4635D005D4F72 /* main.m in Sources */ = {isa = PBXBuildFile; fileRef = 83294F4F1AF4635D005D4F72 /* main.m */; };
		83294F561AF4635D005D4F72 /* Images.xcassets in Resources */ = {isa = PBXBuildFile; fileRef = 83294F551AF4635D005D4F72 /* Images.xcassets */; };
		83294F5D1AF4635D005D4F72 /* XCTest.framework in Frameworks */ = {isa = PBXBuildFile; fileRef = 83294F5C1AF4635D005D4F72 /* XCTest.framework */; };
		83294F5E1AF4635D005D4F72 /* Foundation.framework in Frameworks */ = {isa = PBXBuildFile; fileRef = 83294F431AF4635D005D4F72 /* Foundation.framework */; };
		83294F5F1AF4635D005D4F72 /* UIKit.framework in Frameworks */ = {isa = PBXBuildFile; fileRef = 83294F471AF4635D005D4F72 /* UIKit.framework */; };
		83294F671AF4635D005D4F72 /* InfoPlist.strings in Resources */ = {isa = PBXBuildFile; fileRef = 83294F651AF4635D005D4F72 /* InfoPlist.strings */; };
		83294F691AF4635D005D4F72 /* probeTests.m in Sources */ = {isa = PBXBuildFile; fileRef = 83294F681AF4635D005D4F72 /* probeTests.m */; };
/* End PBXBuildFile section */

/* Begin PBXContainerItemProxy section */
		83294F601AF4635D005D4F72 /* PBXContainerItemProxy */ = {
			isa = PBXContainerItemProxy;
			containerPortal = 83294F381AF4635D005D4F72 /* Project object */;
			proxyType = 1;
			remoteGlobalIDString = 83294F3F1AF4635D005D4F72;
			remoteInfo = probe;
		};
/* End PBXContainerItemProxy section */

/* Begin PBXFileReference section */
		83294F401AF4635D005D4F72 /* probe.app */ = {isa = PBXFileReference; explicitFileType = wrapper.application; includeInIndex = 0; path = probe.app; sourceTree = BUILT_PRODUCTS_DIR; };
		83294F431AF4635D005D4F72 /* Foundation.framework */ = {isa = PBXFileReference; lastKnownFileType = wrapper.framework; name = Foundation.framework; path = System/Library/Frameworks/Foundation.framework; sourceTree = SDKROOT; };
		83294F451AF4635D005D4F72 /* CoreGraphics.framework */ = {isa = PBXFileReference; lastKnownFileType = wrapper.framework; name = CoreGraphics.framework; path = System/Library/Frameworks/CoreGraphics.framework; sourceTree = SDKROOT; };
		83294F471AF4635D005D4F72 /* UIKit.framework */ = {isa = PBXFileReference; lastKnownFileType = wrapper.framework; name = UIKit.framework; path = System/Library/Frameworks/UIKit.framework; sourceTree = SDKROOT; };
		83294F4B1AF4635D005D4F72 /* probe-Info.plist */ = {isa = PBXFileReference; lastKnownFileType = text.plist.xml; path = "probe-Info.plist"; sourceTree = "<group>"; };
		83294F4D1AF4635D005D4F72 /* en */ = {isa = PBXFileReference; lastKnownFileType = text.plist.strings; name = en; path = en.lproj/InfoPlist.strings; sourceTree = "<group>"; };
		83294F4F1AF4635D005D4F72 /* main.m */ = {isa = PBXFileReference; lastKnownFileType = sourcecode.c.objc; path = main.m; sourceTree = "<group>"; };
		83294F511AF4635D005D4F72 /* probe-Prefix.pch */ = {isa = PBXFileReference; lastKnownFileType = sourcecode.c.h; path = "probe-Prefix.pch"; sourceTree = "<group>"; };
		83294F551AF4635D005D4F72 /* Images.xcassets */ = {isa = PBXFileReference; lastKnownFileType = folder.assetcatalog; path = Images.xcassets; sourceTree = "<group>"; };
		83294F5B1AF4635D005D4F72 /* probeTests.xctest */ = {isa = PBXFileReference; explicitFileType = wrapper.cfbundle; includeInIndex = 0; path = probeTests.xctest; sourceTree = BUILT_PRODUCTS_DIR; };
		83294F5C1AF4635D005D4F72 /* XCTest.framework */ = {isa = PBXFileReference; lastKnownFileType = wrapper.framework; name = XCTest.framework; path = Library/Frameworks/XCTest.framework; sourceTree = DEVELOPER_DIR; };
		83294F641AF4635D005D4F72 /* probeTests-Info.plist */ = {isa = PBXFileReference; lastKnownFileType = text.plist.xml; path = "probeTests-Info.plist"; sourceTree = "<group>"; };
		83294F661AF4635D005D4F72 /* en */ = {isa = PBXFileReference; lastKnownFileType = text.plist.strings; name = en; path = en.lproj/InfoPlist.strings; sourceTree = "<group>"; };
		83294F681AF4635D005D4F72 /* probeTests.m */ = {isa = PBXFileReference; lastKnownFileType = sourcecode.c.objc; path = probeTests.m; sourceTree = "<group>"; };
/* End PBXFileReference section */

/* Begin PBXFrameworksBuildPhase section */
		83294F3D1AF4635D005D4F72 /* Frameworks */ = {
			isa = PBXFrameworksBuildPhase;
			buildActionMask = 2147483647;
			files = (
				83294F441AF4635D005D4F72 /* Foundation.framework in Frameworks */,
			);
			runOnlyForDeploymentPostprocessing = 0;
		};
		83294F581AF4635D005D4F72 /* Frameworks */ = {
			isa = PBXFrameworksBuildPhase;
			buildActionMask = 2147483647;
			files = (
				83294F5D1AF4635D005D4F72 /* XCTest.framework in Frameworks */,
				83294F5F1AF4635D005D4F72 /* UIKit.framework in Frameworks */,
				83294F5E1AF4635D005D4F72 /* Foundation.framework in Frameworks */,
			);
			runOnlyForDeploymentPostprocessing = 0;
		};
/* End PBXFrameworksBuildPhase section */

/* Begin PBXGroup section */
		83294F371AF4635D005D4F72 = {
			isa = PBXGroup;
			children = (
				83294F491AF4635D005D4F72 /* probe */,
				83294F621AF4635D005D4F72 /* probeTests */,
				83294F421AF4635D005D4F72 /* Frameworks */,
				83294F411AF4635D005D4F72 /* Products */,
			);
			sourceTree = "<group>";
		};
		83294F411AF4635D005D4F72 /* Products */ = {
			isa = PBXGroup;
			children = (
				83294F401AF4635D005D4F72 /* probe.app */,
				83294F5B1AF4635D005D4F72 /* probeTests.xctest */,
			);
			name = Products;
			sourceTree = "<group>";
		};
		83294F421AF4635D005D4F72 /* Frameworks */ = {
			isa = PBXGroup;
			children = (
				83294F431AF4635D005D4F72 /* Foundation.framework */,
				83294F451AF4635D005D4F72 /* CoreGraphics.framework */,
				83294F471AF4635D005D4F72 /* UIKit.framework */,
				83294F5C1AF4635D005D4F72 /* XCTest.framework */,
			);
			name = Frameworks;
			sourceTree = "<group>";
		};
		83294F491AF4635D005D4F72 /* probe */ = {
			isa = PBXGroup;
			children = (
				83294F551AF4635D005D4F72 /* Images.xcassets */,
				83294F4A1AF4635D005D4F72 /* Supporting Files */,
			);
			path = probe;
			sourceTree = "<group>";
		};
		83294F4A1AF4635D005D4F72 /* Supporting Files */ = {
			isa = PBXGroup;
			children = (
				83294F4B1AF4635D005D4F72 /* probe-Info.plist */,
				83294F4C1AF4635D005D4F72 /* InfoPlist.strings */,
				83294F4F1AF4635D005D4F72 /* main.m */,
				83294F511AF4635D005D4F72 /* probe-Prefix.pch */,
			);
			name = "Supporting Files";
			sourceTree = "<group>";
		};
		83294F621AF4635D005D4F72 /* probeTests */ = {
			isa = PBXGroup;
			children = (
				83294F681AF4635D005D4F72 /* probeTests.m */,
				83294F631AF4635D005D4F72 /* Supporting Files */,
			);
			path = probeTests;
			sourceTree = "<group>";
		};
		83294F631AF4635D005D4F72 /* Supporting Files */ = {
			isa = PBXGroup;
			children = (
				83294F641AF4635D005D4F72 /* probeTests-Info.plist */,
				83294F651AF4635D005D4F72 /* InfoPlist.strings */,
			);
			name = "Supporting Files";
			sourceTree = "<group>";
		};
/* End PBXGroup section */

/* Begin PBXNativeTarget section */
		83294F3F1AF4635D005D4F72 /* probe */ = {
			isa = PBXNativeTarget;
			buildConfigurationList = 83294F6C1AF4635D005D4F72 /* Build configuration list for PBXNativeTarget "probe" */;
			buildPhases = (
				83294F3C1AF4635D005D4F72 /* Sources */,
				83294F3D1AF4635D005D4F72 /* Frameworks */,
				83294F3E1AF4635D005D4F72 /* Resources */,
			);
			buildRules = (
			);
			dependencies = (
			);
			name = probe;
			productName = probe;
			productReference = 83294F401AF4635D005D4F72 /* probe.app */;
			productType = "com.apple.product-type.application";
		};
		83294F5A1AF4635D005D4F72 /* probeTests */ = {
			isa = PBXNativeTarget;
			buildConfigurationList = 83294F6F1AF4635D005D4F72 /* Build configuration list for PBXNativeTarget "probeTests" */;
			buildPhases = (
				83294F571AF4635D005D4F72 /* Sources */,
				83294F581AF4635D005D4F72 /* Frameworks */,
				83294F591AF4635D005D4F72 /* Resources */,
			);
			buildRules = (
			);
			dependencies = (
				83294F611AF4635D005D4F72 /* PBXTargetDependency */,
			);
			name = probeTests;
			productName = probeTests;
			productReference = 83294F5B1AF4635D005D4F72 /* probeTests.xctest */;
			productType = "com.apple.product-type.bundle.unit-test";
		};
/* End PBXNativeTarget section */

/* Begin PBXProject section */
		83294F381AF4635D005D4F72 /* Project object */ = {
			isa = PBXProject;
			attributes = {
				LastUpgradeCheck = 0510;
				ORGANIZATIONNAME = "Chris Kohlhepp";
				TargetAttributes = {
					83294F5A1AF4635D005D4F72 = {
						TestTargetID = 83294F3F1AF4635D005D4F72;
					};
				};
			};
			buildConfigurationList = 83294F3B1AF4635D005D4F72 /* Build configuration list for PBXProject "probe" */;
			compatibilityVersion = "Xcode 3.2";
			developmentRegion = English;
			hasScannedForEncodings = 0;
			knownRegions = (
				en,
			);
			mainGroup = 83294F371AF4635D005D4F72;
			productRefGroup = 83294F411AF4635D005D4F72 /* Products */;
			projectDirPath = "";
			projectRoot = "";
			targets = (
				83294F3F1AF4635D005D4F72 /* probe */,
				83294F5A1AF4635D005D4F72 /* probeTests */,
			);
		};
/* End PBXProject section */

/* Begin PBXResourcesBuildPhase section */
		83294F3E1AF4635D005D4F72 /* Resources */ = {
			isa = PBXResourcesBuildPhase;
			buildActionMask = 2147483647;
			files = (
				83294F4E1AF4635D005D4F72 /* InfoPlist.strings in Resources */,
				83294F561AF4635D005D4F72 /* Images.xcassets in Resources */,
			);
			runOnlyForDeploymentPostprocessing = 0;
		};
		83294F591AF4635D005D4F72 /* Resources */ = {
			isa = PBXResourcesBuildPhase;
			buildActionMask = 2147483647;
			files = (
				83294F671AF4635D005D4F72 /* InfoPlist.strings in Resources */,
			);
			runOnlyForDeploymentPostprocessing = 0;
		};
/* End PBXResourcesBuildPhase section */

/* Begin PBXSourcesBuildPhase section */
		83294F3C1AF4635D005D4F72 /* Sources */ = {
			isa = PBXSourcesBuildPhase;
			buildActionMask = 2147483647;
			files = (
				83294F501AF4635D005D4F72 /* main.m in Sources */,
			);
			runOnlyForDeploymentPostprocessing = 0;
		};
		83294F571AF4635D005D4F72 /* Sources */ = {
			isa = PBXSourcesBuildPhase;
			buildActionMask = 2147483647;
			files = (
				83294F691AF4635D005D4F72 /* probeTests.m in Sources */,
			);
			runOnlyForDeploymentPostprocessing = 0;
		};
/* End PBXSourcesBuildPhase section */

/* Begin PBXTargetDependency section */
		83294F611AF4635D005D4F72 /* PBXTargetDependency */ = {
			isa = PBXTargetDependency;
			target = 83294F3F1AF4635D005D4F72 /* probe */;
			targetProxy = 83294F601AF4635D005D4F72 /* PBXContainerItemProxy */;
		};
/* End PBXTargetDependency section */

/* Begin PBXVariantGroup section */
		83294F4C1AF4635D005D4F72 /* InfoPlist.strings */ = {
			isa = PBXVariantGroup;
			children = (
				83294F4D1AF4635D005D4F72 /* en */,
			);
			name = InfoPlist.strings;
			sourceTree = "<group>";
		};
		83294F651AF4635D005D4F72 /* InfoPlist.strings */ = {
			isa = PBXVariantGroup;
			children = (
				83294F661AF4635D005D4F72 /* en */,
			);
			name = InfoPlist.strings;
			sourceTree = "<group>";
		};
/* End PBXVariantGroup section */

/* Begin XCBuildConfiguration section */
		83294F6A1AF4635D005D4F72 /* Debug */ = {
			isa = XCBuildConfiguration;
			buildSettings = {
				ALWAYS_SEARCH_USER_PATHS = NO;
				CLANG_CXX_LANGUAGE_STANDARD = "gnu++0x";
				CLANG_CXX_LIBRARY = "libc++";
				CLANG_ENABLE_MODULES = YES;
				CLANG_ENABLE_OBJC_ARC = YES;
				CLANG_WARN_BOOL_CONVERSION = YES;
				CLANG_WARN_CONSTANT_CONVERSION = YES;
				CLANG_WARN_DIRECT_OBJC_ISA_USAGE = YES_ERROR;
				CLANG_WARN_EMPTY_BODY = YES;
				CLANG_WARN_ENUM_CONVERSION = YES;
				CLANG_WARN_INT_CONVERSION = YES;
				CLANG_WARN_OBJC_ROOT_CLASS = YES_ERROR;
				CLANG_WARN__DUPLICATE_METHOD_MATCH = YES;
				"CODE_SIGN_IDENTITY[sdk=iphoneos*]" = "iPhone Developer";
				COPY_PHASE_STRIP = NO;
				GCC_C_LANGUAGE_STANDARD = gnu99;
				GCC_DYNAMIC_NO_PIC = NO;
				GCC_OPTIMIZATION_LEVEL = 0;
				GCC_PREPROCESSOR_DEFINITIONS = (
					"DEBUG=1",
					"$(inherited)",
				);
				GCC_SYMBOLS_PRIVATE_EXTERN = NO;
				GCC_WARN_64_TO_32_BIT_CONVERSION = YES;
				GCC_WARN_ABOUT_RETURN_TYPE = YES_ERROR;
				GCC_WARN_UNDECLARED_SELECTOR = YES;
				GCC_WARN_UNINITIALIZED_AUTOS = YES_AGGRESSIVE;
				GCC_WARN_UNUSED_FUNCTION = YES;
				GCC_WARN_UNUSED_VARIABLE = YES;
				IPHONEOS_DEPLOYMENT_TARGET = 7.1;
				ONLY_ACTIVE_ARCH = YES;
				SDKROOT = iphoneos;
				TARGETED_DEVICE_FAMILY = "1,2";
			};
			name = Debug;
		};
		83294F6B1AF4635D005D4F72 /* Release */ = {
			isa = XCBuildConfiguration;
			buildSettings = {
				ALWAYS_SEARCH_USER_PATHS = NO;
				CLANG_CXX_LANGUAGE_STANDARD = "gnu++0x";
				CLANG_CXX_LIBRARY = "libc++";
				CLANG_ENABLE_MODULES = YES;
				CLANG_ENABLE_OBJC_ARC = YES;
				CLANG_WARN_BOOL_CONVERSION = YES;
				CLANG_WARN_CONSTANT_CONVERSION = YES;
				CLANG_WARN_DIRECT_OBJC_ISA_USAGE = YES_ERROR;
				CLANG_WARN_EMPTY_BODY = YES;
				CLANG_WARN_ENUM_CONVERSION = YES;
				CLANG_WARN_INT_CONVERSION = YES;
				CLANG_WARN_OBJC_ROOT_CLASS = YES_ERROR;
				CLANG_WARN__DUPLICATE_METHOD_MATCH = YES;
				"CODE_SIGN_IDENTITY[sdk=iphoneos*]" = "iPhone Developer";
				COPY_PHASE_STRIP = YES;
				ENABLE_NS_ASSERTIONS = NO;
				GCC_C_LANGUAGE_STANDARD = gnu99;
				GCC_WARN_64_TO_32_BIT_CONVERSION = YES;
				GCC_WARN_ABOUT_RETURN_TYPE = YES_ERROR;
				GCC_WARN_UNDECLARED_SELECTOR = YES;
				GCC_WARN_UNINITIALIZED_AUTOS = YES_AGGRESSIVE;
				GCC_WARN_UNUSED_FUNCTION = YES;
				GCC_WARN_UNUSED_VARIABLE = YES;
				IPHONEOS_DEPLOYMENT_TARGET = 7.1;
				SDKROOT = iphoneos;
				TARGETED_DEVICE_FAMILY = "1,2";
				VALIDATE_PRODUCT = YES;
			};
			name = Release;
		};
		83294F6D1AF4635D005D4F72 /* Debug */ = {
			isa = XCBuildConfiguration;
			buildSettings = {
				ARCHS = (
					armv7,
					armv7s,
					armv6,
				);
				"ARCHS[sdk=*]" = (
					armv7,
					armv7s,
					armv6,
				);
				ASSETCATALOG_COMPILER_APPICON_NAME = AppIcon;
				ASSETCATALOG_COMPILER_LAUNCHIMAGE_NAME = LaunchImage;
				CODE_SIGN_IDENTITY = "-";
				"CODE_SIGN_IDENTITY[sdk=iphoneos*]" = "-";
				GCC_PRECOMPILE_PREFIX_HEADER = YES;
				GCC_PREFIX_HEADER = "probe/probe-Prefix.pch";
				INFOPLIST_FILE = "probe/probe-Info.plist";
				IPHONEOS_DEPLOYMENT_TARGET = 5.1.1;
				ONLY_ACTIVE_ARCH = YES;
				PRODUCT_NAME = "$(TARGET_NAME)";
				STRIP_INSTALLED_PRODUCT = NO;
				TARGETED_DEVICE_FAMILY = "1,2";
				VALID_ARCHS = "armv7 armv7s armv6";
				WRAPPER_EXTENSION = app;
			};
			name = Debug;
		};
		83294F6E1AF4635D005D4F72 /* Release */ = {
			isa = XCBuildConfiguration;
			buildSettings = {
				ARCHS = (
					armv7,
					armv7s,
					armv6,
				);
				"ARCHS[sdk=*]" = (
					armv7,
					armv7s,
					armv6,
				);
				ASSETCATALOG_COMPILER_APPICON_NAME = AppIcon;
				ASSETCATALOG_COMPILER_LAUNCHIMAGE_NAME = LaunchImage;
				CODE_SIGN_IDENTITY = "-";
				"CODE_SIGN_IDENTITY[sdk=iphoneos*]" = "-";
				GCC_PRECOMPILE_PREFIX_HEADER = YES;
				GCC_PREFIX_HEADER = "probe/probe-Prefix.pch";
				INFOPLIST_FILE = "probe/probe-Info.plist";
				IPHONEOS_DEPLOYMENT_TARGET = 5.1.1;
				ONLY_ACTIVE_ARCH = YES;
				PRODUCT_NAME = "$(TARGET_NAME)";
				STRIP_INSTALLED_PRODUCT = NO;
				TARGETED_DEVICE_FAMILY = "1,2";
				VALID_ARCHS = "armv7 armv7s armv6";
				WRAPPER_EXTENSION = app;
			};
			name = Release;
		};
		83294F701AF4635D005D4F72 /* Debug */ = {
			isa = XCBuildConfiguration;
			buildSettings = {
				BUNDLE_LOADER = "$(BUILT_PRODUCTS_DIR)/probe.app/probe";
				FRAMEWORK_SEARCH_PATHS = (
					"$(SDKROOT)/Developer/Library/Frameworks",
					"$(inherited)",
					"$(DEVELOPER_FRAMEWORKS_DIR)",
				);
				GCC_PRECOMPILE_PREFIX_HEADER = YES;
				GCC_PREFIX_HEADER = "probe/probe-Prefix.pch";
				GCC_PREPROCESSOR_DEFINITIONS = (
					"DEBUG=1",
					"$(inherited)",
				);
				INFOPLIST_FILE = "probeTests/probeTests-Info.plist";
				PRODUCT_NAME = "$(TARGET_NAME)";
				TEST_HOST = "$(BUNDLE_LOADER)";
				WRAPPER_EXTENSION = xctest;
			};
			name = Debug;
		};
		83294F711AF4635D005D4F72 /* Release */ = {
			isa = XCBuildConfiguration;
			buildSettings = {
				BUNDLE_LOADER = "$(BUILT_PRODUCTS_DIR)/probe.app/probe";
				FRAMEWORK_SEARCH_PATHS = (
					"$(SDKROOT)/Developer/Library/Frameworks",
					"$(inherited)",
					"$(DEVELOPER_FRAMEWORKS_DIR)",
				);
				GCC_PRECOMPILE_PREFIX_HEADER = YES;
				GCC_PREFIX_HEADER = "probe/probe-Prefix.pch";
				INFOPLIST_FILE = "probeTests/probeTests-Info.plist";
				PRODUCT_NAME = "$(TARGET_NAME)";
				TEST_HOST = "$(BUNDLE_LOADER)";
				WRAPPER_EXTENSION = xctest;
			};
			name = Release;
		};
/* End XCBuildConfiguration section */

/* Begin XCConfigurationList section */
		83294F3B1AF4635D005D4F72 /* Build configuration list for PBXProject "probe" */ = {
			isa = XCConfigurationList;
			buildConfigurations = (
				83294F6A1AF4635D005D4F72 /* Debug */,
				83294F6B1AF4635D005D4F72 /* Release */,
			);
			defaultConfigurationIsVisible = 0;
			defaultConfigurationName = Release;
		};
		83294F6C1AF4635D005D4F72 /* Build configuration list for PBXNativeTarget "probe" */ = {
			isa = XCConfigurationList;
			buildConfigurations = (
				83294F6D1AF4635D005D4F72 /* Debug */,
				83294F6E1AF4635D005D4F72 /* Release */,
			);
			defaultConfigurationIsVisible = 0;
			defaultConfigurationName = Release;
		};
		83294F6F1AF4635D005D4F72 /* Build configuration list for PBXNativeTarget "probeTests" */ = {
			isa = XCConfigurationList;
			buildConfigurations = (
				83294F701AF4635D005D4F72 /* Debug */,
				83294F711AF4635D005D4F72 /* Release */,
			);
			defaultConfigurationIsVisible = 0;
			defaultConfigurationName = Release;
		};
/* End XCConfigurationList section */
	};
	rootObject = 83294F381AF4635D005D4F72 /* Project object */;
}
