// !$*UTF8*$!
{
	archiveVersion = 1;
	classes = {
	};
	objectVersion = 46;
	objects = {

/* Begin PBXBuildFile section */
		832CAB371AF47BF40065539F /* Foundation.framework in Frameworks */ = {isa = PBXBuildFile; fileRef = 832CAB361AF47BF40065539F /* Foundation.framework */; };
		832CAB411AF47BF40065539F /* InfoPlist.strings in Resources */ = {isa = PBXBuildFile; fileRef = 832CAB3F1AF47BF40065539F /* InfoPlist.strings */; };
		832CAB431AF47BF40065539F /* main.m in Sources */ = {isa = PBXBuildFile; fileRef = 832CAB421AF47BF40065539F /* main.m */; };
		832CAB491AF47BF40065539F /* Images.xcassets in Resources */ = {isa = PBXBuildFile; fileRef = 832CAB481AF47BF40065539F /* Images.xcassets */; };
		832CAB511AF47BF40065539F /* Foundation.framework in Frameworks */ = {isa = PBXBuildFile; fileRef = 832CAB361AF47BF40065539F /* Foundation.framework */; };
/* End PBXBuildFile section */

/* Begin PBXContainerItemProxy section */
		832CAB531AF47BF40065539F /* PBXContainerItemProxy */ = {
			isa = PBXContainerItemProxy;
			containerPortal = 832CAB2B1AF47BF40065539F /* Project object */;
			proxyType = 1;
			remoteGlobalIDString = 832CAB321AF47BF40065539F;
			remoteInfo = qmoledevice;
		};
/* End PBXContainerItemProxy section */

/* Begin PBXFileReference section */
		832CAB331AF47BF40065539F /* qmoledevice.app */ = {isa = PBXFileReference; explicitFileType = wrapper.application; includeInIndex = 0; path = qmoledevice.app; sourceTree = BUILT_PRODUCTS_DIR; };
		832CAB361AF47BF40065539F /* Foundation.framework */ = {isa = PBXFileReference; lastKnownFileType = wrapper.framework; name = Foundation.framework; path = System/Library/Frameworks/Foundation.framework; sourceTree = SDKROOT; };
		832CAB3E1AF47BF40065539F /* qmoledevice-Info.plist */ = {isa = PBXFileReference; lastKnownFileType = text.plist.xml; path = "qmoledevice-Info.plist"; sourceTree = "<group>"; };
		832CAB401AF47BF40065539F /* en */ = {isa = PBXFileReference; lastKnownFileType = text.plist.strings; name = en; path = en.lproj/InfoPlist.strings; sourceTree = "<group>"; };
		832CAB421AF47BF40065539F /* main.m */ = {isa = PBXFileReference; lastKnownFileType = sourcecode.c.objc; path = main.m; sourceTree = "<group>"; };
		832CAB441AF47BF40065539F /* qmoledevice-Prefix.pch */ = {isa = PBXFileReference; lastKnownFileType = sourcecode.c.h; path = "qmoledevice-Prefix.pch"; sourceTree = "<group>"; };
		832CAB481AF47BF40065539F /* Images.xcassets */ = {isa = PBXFileReference; lastKnownFileType = folder.assetcatalog; path = Images.xcassets; sourceTree = "<group>"; };
		832CAB4E1AF47BF40065539F /* qmoledeviceTests.xctest */ = {isa = PBXFileReference; explicitFileType = wrapper.cfbundle; includeInIndex = 0; path = qmoledeviceTests.xctest; sourceTree = BUILT_PRODUCTS_DIR; };
/* End PBXFileReference section */

/* Begin PBXFrameworksBuildPhase section */
		832CAB301AF47BF40065539F /* Frameworks */ = {
			isa = PBXFrameworksBuildPhase;
			buildActionMask = 2147483647;
			files = (
				832CAB371AF47BF40065539F /* Foundation.framework in Frameworks */,
			);
			runOnlyForDeploymentPostprocessing = 0;
		};
		832CAB4B1AF47BF40065539F /* Frameworks */ = {
			isa = PBXFrameworksBuildPhase;
			buildActionMask = 2147483647;
			files = (
				832CAB511AF47BF40065539F /* Foundation.framework in Frameworks */,
			);
			runOnlyForDeploymentPostprocessing = 0;
		};
/* End PBXFrameworksBuildPhase section */

/* Begin PBXGroup section */
		832CAB2A1AF47BF40065539F = {
			isa = PBXGroup;
			children = (
				832CAB3C1AF47BF40065539F /* qmoledevice */,
				832CAB351AF47BF40065539F /* Frameworks */,
				832CAB341AF47BF40065539F /* Products */,
			);
			sourceTree = "<group>";
		};
		832CAB341AF47BF40065539F /* Products */ = {
			isa = PBXGroup;
			children = (
				832CAB331AF47BF40065539F /* qmoledevice.app */,
				832CAB4E1AF47BF40065539F /* qmoledeviceTests.xctest */,
			);
			name = Products;
			sourceTree = "<group>";
		};
		832CAB351AF47BF40065539F /* Frameworks */ = {
			isa = PBXGroup;
			children = (
				832CAB361AF47BF40065539F /* Foundation.framework */,
			);
			name = Frameworks;
			sourceTree = "<group>";
		};
		832CAB3C1AF47BF40065539F /* qmoledevice */ = {
			isa = PBXGroup;
			children = (
				832CAB481AF47BF40065539F /* Images.xcassets */,
				832CAB3D1AF47BF40065539F /* Supporting Files */,
			);
			path = qmoledevice;
			sourceTree = "<group>";
		};
		832CAB3D1AF47BF40065539F /* Supporting Files */ = {
			isa = PBXGroup;
			children = (
				832CAB3E1AF47BF40065539F /* qmoledevice-Info.plist */,
				832CAB3F1AF47BF40065539F /* InfoPlist.strings */,
				832CAB421AF47BF40065539F /* main.m */,
				832CAB441AF47BF40065539F /* qmoledevice-Prefix.pch */,
			);
			name = "Supporting Files";
			sourceTree = "<group>";
		};
/* End PBXGroup section */

/* Begin PBXNativeTarget section */
		832CAB321AF47BF40065539F /* qmoledevice */ = {
			isa = PBXNativeTarget;
			buildConfigurationList = 832CAB5F1AF47BF40065539F /* Build configuration list for PBXNativeTarget "qmoledevice" */;
			buildPhases = (
				832CAB2F1AF47BF40065539F /* Sources */,
				832CAB301AF47BF40065539F /* Frameworks */,
				832CAB311AF47BF40065539F /* Resources */,
			);
			buildRules = (
			);
			dependencies = (
			);
			name = qmoledevice;
			productName = qmoledevice;
			productReference = 832CAB331AF47BF40065539F /* qmoledevice.app */;
			productType = "com.apple.product-type.application";
		};
		832CAB4D1AF47BF40065539F /* qmoledeviceTests */ = {
			isa = PBXNativeTarget;
			buildConfigurationList = 832CAB621AF47BF40065539F /* Build configuration list for PBXNativeTarget "qmoledeviceTests" */;
			buildPhases = (
				832CAB4A1AF47BF40065539F /* Sources */,
				832CAB4B1AF47BF40065539F /* Frameworks */,
				832CAB4C1AF47BF40065539F /* Resources */,
			);
			buildRules = (
			);
			dependencies = (
				832CAB541AF47BF40065539F /* PBXTargetDependency */,
			);
			name = qmoledeviceTests;
			productName = qmoledeviceTests;
			productReference = 832CAB4E1AF47BF40065539F /* qmoledeviceTests.xctest */;
			productType = "com.apple.product-type.bundle.unit-test";
		};
/* End PBXNativeTarget section */

/* Begin PBXProject section */
		832CAB2B1AF47BF40065539F /* Project object */ = {
			isa = PBXProject;
			attributes = {
				LastUpgradeCheck = 0510;
				ORGANIZATIONNAME = "Chris Kohlhepp";
				TargetAttributes = {
					832CAB4D1AF47BF40065539F = {
						TestTargetID = 832CAB321AF47BF40065539F;
					};
				};
			};
			buildConfigurationList = 832CAB2E1AF47BF40065539F /* Build configuration list for PBXProject "qmoledevice" */;
			compatibilityVersion = "Xcode 3.2";
			developmentRegion = English;
			hasScannedForEncodings = 0;
			knownRegions = (
				en,
			);
			mainGroup = 832CAB2A1AF47BF40065539F;
			productRefGroup = 832CAB341AF47BF40065539F /* Products */;
			projectDirPath = "";
			projectRoot = "";
			targets = (
				832CAB321AF47BF40065539F /* qmoledevice */,
				832CAB4D1AF47BF40065539F /* qmoledeviceTests */,
			);
		};
/* End PBXProject section */

/* Begin PBXResourcesBuildPhase section */
		832CAB311AF47BF40065539F /* Resources */ = {
			isa = PBXResourcesBuildPhase;
			buildActionMask = 2147483647;
			files = (
				832CAB411AF47BF40065539F /* InfoPlist.strings in Resources */,
				832CAB491AF47BF40065539F /* Images.xcassets in Resources */,
			);
			runOnlyForDeploymentPostprocessing = 0;
		};
		832CAB4C1AF47BF40065539F /* Resources */ = {
			isa = PBXResourcesBuildPhase;
			buildActionMask = 2147483647;
			files = (
			);
			runOnlyForDeploymentPostprocessing = 0;
		};
/* End PBXResourcesBuildPhase section */

/* Begin PBXSourcesBuildPhase section */
		832CAB2F1AF47BF40065539F /* Sources */ = {
			isa = PBXSourcesBuildPhase;
			buildActionMask = 2147483647;
			files = (
				832CAB431AF47BF40065539F /* main.m in Sources */,
			);
			runOnlyForDeploymentPostprocessing = 0;
		};
		832CAB4A1AF47BF40065539F /* Sources */ = {
			isa = PBXSourcesBuildPhase;
			buildActionMask = 2147483647;
			files = (
			);
			runOnlyForDeploymentPostprocessing = 0;
		};
/* End PBXSourcesBuildPhase section */

/* Begin PBXTargetDependency section */
		832CAB541AF47BF40065539F /* PBXTargetDependency */ = {
			isa = PBXTargetDependency;
			target = 832CAB321AF47BF40065539F /* qmoledevice */;
			targetProxy = 832CAB531AF47BF40065539F /* PBXContainerItemProxy */;
		};
/* End PBXTargetDependency section */

/* Begin PBXVariantGroup section */
		832CAB3F1AF47BF40065539F /* InfoPlist.strings */ = {
			isa = PBXVariantGroup;
			children = (
				832CAB401AF47BF40065539F /* en */,
			);
			name = InfoPlist.strings;
			sourceTree = "<group>";
		};
/* End PBXVariantGroup section */

/* Begin XCBuildConfiguration section */
		832CAB5D1AF47BF40065539F /* Debug */ = {
			isa = XCBuildConfiguration;
			buildSettings = {
				ALWAYS_SEARCH_USER_PATHS = NO;
				ARCHS = (
					"$(ARCHS_STANDARD)",
					armv6,
				);
				CLANG_CXX_LANGUAGE_STANDARD = "gnu++0x";
				CLANG_CXX_LIBRARY = "libc++";
				CLANG_ENABLE_MODULES = YES;
				CLANG_ENABLE_OBJC_ARC = YES;
				CLANG_WARN_BOOL_CONVERSION = YES;
				CLANG_WARN_CONSTANT_CONVERSION = YES;
				CLANG_WARN_DIRECT_OBJC_ISA_USAGE = YES_ERROR;
				CLANG_WARN_EMPTY_BODY = YES;
				CLANG_WARN_ENUM_CONVERSION = YES;
				CLANG_WARN_INT_CONVERSION = YES;
				CLANG_WARN_OBJC_ROOT_CLASS = YES_ERROR;
				CLANG_WARN__DUPLICATE_METHOD_MATCH = YES;
				"CODE_SIGN_IDENTITY[sdk=iphoneos*]" = "";
				COPY_PHASE_STRIP = NO;
				DEAD_CODE_STRIPPING = NO;
				GCC_C_LANGUAGE_STANDARD = gnu99;
				GCC_DYNAMIC_NO_PIC = NO;
				GCC_OPTIMIZATION_LEVEL = 0;
				GCC_PREPROCESSOR_DEFINITIONS = (
					"DEBUG=1",
					"$(inherited)",
				);
				GCC_SYMBOLS_PRIVATE_EXTERN = NO;
				GCC_WARN_64_TO_32_BIT_CONVERSION = YES;
				GCC_WARN_ABOUT_RETURN_TYPE = YES_ERROR;
				GCC_WARN_UNDECLARED_SELECTOR = YES;
				GCC_WARN_UNINITIALIZED_AUTOS = YES_AGGRESSIVE;
				GCC_WARN_UNUSED_FUNCTION = YES;
				GCC_WARN_UNUSED_VARIABLE = YES;
				IPHONEOS_DEPLOYMENT_TARGET = 5.1;
				LD_NO_PIE = YES;
				MACH_O_TYPE = mh_execute;
				ONLY_ACTIVE_ARCH = YES;
				SDKROOT = iphoneos5.1;
				TARGETED_DEVICE_FAMILY = "1,2";
				VALID_ARCHS = armv6;
				"VALID_ARCHS[sdk=*]" = armv6;
			};
			name = Debug;
		};
		832CAB5E1AF47BF40065539F /* Release */ = {
			isa = XCBuildConfiguration;
			buildSettings = {
				ALWAYS_SEARCH_USER_PATHS = NO;
				ARCHS = (
					"$(ARCHS_STANDARD)",
					armv6,
				);
				CLANG_CXX_LANGUAGE_STANDARD = "gnu++0x";
				CLANG_CXX_LIBRARY = "libc++";
				CLANG_ENABLE_MODULES = YES;
				CLANG_ENABLE_OBJC_ARC = YES;
				CLANG_WARN_BOOL_CONVERSION = YES;
				CLANG_WARN_CONSTANT_CONVERSION = YES;
				CLANG_WARN_DIRECT_OBJC_ISA_USAGE = YES_ERROR;
				CLANG_WARN_EMPTY_BODY = YES;
				CLANG_WARN_ENUM_CONVERSION = YES;
				CLANG_WARN_INT_CONVERSION = YES;
				CLANG_WARN_OBJC_ROOT_CLASS = YES_ERROR;
				CLANG_WARN__DUPLICATE_METHOD_MATCH = YES;
				"CODE_SIGN_IDENTITY[sdk=iphoneos*]" = "";
				COPY_PHASE_STRIP = YES;
				DEAD_CODE_STRIPPING = NO;
				ENABLE_NS_ASSERTIONS = NO;
				GCC_C_LANGUAGE_STANDARD = gnu99;
				GCC_WARN_64_TO_32_BIT_CONVERSION = YES;
				GCC_WARN_ABOUT_RETURN_TYPE = YES_ERROR;
				GCC_WARN_UNDECLARED_SELECTOR = YES;
				GCC_WARN_UNINITIALIZED_AUTOS = YES_AGGRESSIVE;
				GCC_WARN_UNUSED_FUNCTION = YES;
				GCC_WARN_UNUSED_VARIABLE = YES;
				IPHONEOS_DEPLOYMENT_TARGET = 5.1;
				LD_NO_PIE = YES;
				MACH_O_TYPE = mh_execute;
				SDKROOT = iphoneos5.1;
				TARGETED_DEVICE_FAMILY = "1,2";
				VALIDATE_PRODUCT = YES;
				VALID_ARCHS = armv6;
			};
			name = Release;
		};
		832CAB601AF47BF40065539F /* Debug */ = {
			isa = XCBuildConfiguration;
			buildSettings = {
				ARCHS = armv7;
				"ARCHS[sdk=*]" = armv7;
				ASSETCATALOG_COMPILER_APPICON_NAME = AppIcon;
				ASSETCATALOG_COMPILER_LAUNCHIMAGE_NAME = LaunchImage;
				CODE_SIGN_IDENTITY = "";
				GCC_PRECOMPILE_PREFIX_HEADER = NO;
				GCC_PREFIX_HEADER = "qmoledevice/qmoledevice-Prefix.pch";
				INFOPLIST_FILE = "qmoledevice/qmoledevice-Info.plist";
				IPHONEOS_DEPLOYMENT_TARGET = 5.1.1;
				PRECOMPS_INCLUDE_HEADERS_FROM_BUILT_PRODUCTS_DIR = NO;
				PRODUCT_NAME = "$(TARGET_NAME)";
				SDKROOT = iphoneos5.1;
				VALID_ARCHS = armv7;
				"VALID_ARCHS[sdk=*]" = armv7;
				WRAPPER_EXTENSION = app;
			};
			name = Debug;
		};
		832CAB611AF47BF40065539F /* Release */ = {
			isa = XCBuildConfiguration;
			buildSettings = {
				ARCHS = armv7;
				"ARCHS[sdk=*]" = armv7;
				ASSETCATALOG_COMPILER_APPICON_NAME = AppIcon;
				ASSETCATALOG_COMPILER_LAUNCHIMAGE_NAME = LaunchImage;
				CODE_SIGN_IDENTITY = "";
				COPY_PHASE_STRIP = NO;
				GCC_OPTIMIZATION_LEVEL = 1;
				GCC_PRECOMPILE_PREFIX_HEADER = NO;
				GCC_PREFIX_HEADER = "qmoledevice/qmoledevice-Prefix.pch";
				GCC_SYMBOLS_PRIVATE_EXTERN = NO;
				INFOPLIST_FILE = "qmoledevice/qmoledevice-Info.plist";
				IPHONEOS_DEPLOYMENT_TARGET = 5.1.1;
				ONLY_ACTIVE_ARCH = YES;
				PRECOMPS_INCLUDE_HEADERS_FROM_BUILT_PRODUCTS_DIR = NO;
				PRODUCT_NAME = "$(TARGET_NAME)";
				SDKROOT = iphoneos5.1;
				VALIDATE_PRODUCT = NO;
				VALID_ARCHS = armv7;
				"VALID_ARCHS[sdk=*]" = armv7;
				WRAPPER_EXTENSION = app;
			};
			name = Release;
		};
		832CAB631AF47BF40065539F /* Debug */ = {
			isa = XCBuildConfiguration;
			buildSettings = {
				BUNDLE_LOADER = "$(BUILT_PRODUCTS_DIR)/qmoledevice.app/qmoledevice";
				FRAMEWORK_SEARCH_PATHS = (
					"$(SDKROOT)/Developer/Library/Frameworks",
					"$(inherited)",
					"$(DEVELOPER_FRAMEWORKS_DIR)",
				);
				GCC_PRECOMPILE_PREFIX_HEADER = YES;
				GCC_PREFIX_HEADER = "qmoledevice/qmoledevice-Prefix.pch";
				GCC_PREPROCESSOR_DEFINITIONS = (
					"DEBUG=1",
					"$(inherited)",
				);
				INFOPLIST_FILE = "qmoledeviceTests/qmoledeviceTests-Info.plist";
				PRODUCT_NAME = "$(TARGET_NAME)";
				TEST_HOST = "$(BUNDLE_LOADER)";
				WRAPPER_EXTENSION = xctest;
			};
			name = Debug;
		};
		832CAB641AF47BF40065539F /* Release */ = {
			isa = XCBuildConfiguration;
			buildSettings = {
				BUNDLE_LOADER = "$(BUILT_PRODUCTS_DIR)/qmoledevice.app/qmoledevice";
				FRAMEWORK_SEARCH_PATHS = (
					"$(SDKROOT)/Developer/Library/Frameworks",
					"$(inherited)",
					"$(DEVELOPER_FRAMEWORKS_DIR)",
				);
				GCC_PRECOMPILE_PREFIX_HEADER = YES;
				GCC_PREFIX_HEADER = "qmoledevice/qmoledevice-Prefix.pch";
				INFOPLIST_FILE = "qmoledeviceTests/qmoledeviceTests-Info.plist";
				PRODUCT_NAME = "$(TARGET_NAME)";
				TEST_HOST = "$(BUNDLE_LOADER)";
				WRAPPER_EXTENSION = xctest;
			};
			name = Release;
		};
/* End XCBuildConfiguration section */

/* Begin XCConfigurationList section */
		832CAB2E1AF47BF40065539F /* Build configuration list for PBXProject "qmoledevice" */ = {
			isa = XCConfigurationList;
			buildConfigurations = (
				832CAB5D1AF47BF40065539F /* Debug */,
				832CAB5E1AF47BF40065539F /* Release */,
			);
			defaultConfigurationIsVisible = 0;
			defaultConfigurationName = Release;
		};
		832CAB5F1AF47BF40065539F /* Build configuration list for PBXNativeTarget "qmoledevice" */ = {
			isa = XCConfigurationList;
			buildConfigurations = (
				832CAB601AF47BF40065539F /* Debug */,
				832CAB611AF47BF40065539F /* Release */,
			);
			defaultConfigurationIsVisible = 0;
			defaultConfigurationName = Release;
		};
		832CAB621AF47BF40065539F /* Build configuration list for PBXNativeTarget "qmoledeviceTests" */ = {
			isa = XCConfigurationList;
			buildConfigurations = (
				832CAB631AF47BF40065539F /* Debug */,
				832CAB641AF47BF40065539F /* Release */,
			);
			defaultConfigurationIsVisible = 0;
			defaultConfigurationName = Release;
		};
/* End XCConfigurationList section */
	};
	rootObject = 832CAB2B1AF47BF40065539F /* Project object */;
}
