
Microsoft Visual Studio Solution File, Format Version 9.00
# Visual Studio 2005
Project("{8BC9CEB8-8B4A-11D0-8D11-00A0C91BC942}") = "ArjLib", "plugins\src\ArjLib\ArjLib.vcproj", "{E4935F16-A915-4EC3-922D-4FFD857FBA0A}"
EndProject
Project("{8BC9CEB8-8B4A-11D0-8D11-00A0C91BC942}") = "Atol", "Atol.vcproj", "{09DC2DB5-39B9-4C88-96DE-864C997D62BA}"
	ProjectSection(ProjectDependencies) = postProject
		{E10F8049-D423-4968-AB8C-9EEB0A40DCF1} = {E10F8049-D423-4968-AB8C-9EEB0A40DCF1}
		{D3CDCF33-2AF2-43E9-9CB9-EC86A9DE33DE} = {D3CDCF33-2AF2-43E9-9CB9-EC86A9DE33DE}
		{B3F3ADDB-9E01-4F2A-ADCE-EC1DF0F0A2AE} = {B3F3ADDB-9E01-4F2A-ADCE-EC1DF0F0A2AE}
		{442397A8-589E-4069-A9B7-41A49C358D3E} = {442397A8-589E-4069-A9B7-41A49C358D3E}
		{5C034E53-01B2-4AFD-BC4F-9A764FED35A7} = {5C034E53-01B2-4AFD-BC4F-9A764FED35A7}
		{CFCE866F-1628-4CB1-A275-5229AD5D9A53} = {CFCE866F-1628-4CB1-A275-5229AD5D9A53}
		{E2FCF47B-D389-4942-B922-859BF2C45413} = {E2FCF47B-D389-4942-B922-859BF2C45413}
		{441EB1BE-0395-4F1D-A00A-DB544CA38821} = {441EB1BE-0395-4F1D-A00A-DB544CA38821}
		{E4935F16-A915-4EC3-922D-4FFD857FBA0A} = {E4935F16-A915-4EC3-922D-4FFD857FBA0A}
	EndProjectSection
EndProject
Project("{8BC9CEB8-8B4A-11D0-8D11-00A0C91BC942}") = "Bz2Lib", "plugins\src\Bz2Lib\Bz2Lib.vcproj", "{441EB1BE-0395-4F1D-A00A-DB544CA38821}"
	ProjectSection(ProjectDependencies) = postProject
		{01FBFCFE-6705-47AE-B999-C7DB133C4E22} = {01FBFCFE-6705-47AE-B999-C7DB133C4E22}
	EndProjectSection
EndProject
Project("{8BC9CEB8-8B4A-11D0-8D11-00A0C91BC942}") = "GzLib", "plugins\src\GzLib\GzLib.vcproj", "{E2FCF47B-D389-4942-B922-859BF2C45413}"
	ProjectSection(ProjectDependencies) = postProject
		{79E8FECD-3616-4E34-A2F8-671A69854595} = {79E8FECD-3616-4E34-A2F8-671A69854595}
	EndProjectSection
EndProject
Project("{8BC9CEB8-8B4A-11D0-8D11-00A0C91BC942}") = "LstLib", "plugins\src\LstLib\LstLib.vcproj", "{CFCE866F-1628-4CB1-A275-5229AD5D9A53}"
EndProject
Project("{8BC9CEB8-8B4A-11D0-8D11-00A0C91BC942}") = "RarLib", "plugins\src\RarLib\RarLib.vcproj", "{5C034E53-01B2-4AFD-BC4F-9A764FED35A7}"
EndProject
Project("{8BC9CEB8-8B4A-11D0-8D11-00A0C91BC942}") = "TarLib", "plugins\src\TarLib\TarLib.vcproj", "{442397A8-589E-4069-A9B7-41A49C358D3E}"
EndProject
Project("{8BC9CEB8-8B4A-11D0-8D11-00A0C91BC942}") = "ZLib", "plugins\src\ZLib\ZLib.vcproj", "{E10F8049-D423-4968-AB8C-9EEB0A40DCF1}"
EndProject
Project("{8BC9CEB8-8B4A-11D0-8D11-00A0C91BC942}") = "ZipArchive", "plugins\src\ZipLib\ZipArchive\ZipArchive_STL.vcproj", "{B3F3ADDB-9E01-4F2A-ADCE-EC1DF0F0A2AE}"
EndProject
Project("{8BC9CEB8-8B4A-11D0-8D11-00A0C91BC942}") = "ZipLib", "plugins\src\ZipLib\ZipLib.vcproj", "{D3CDCF33-2AF2-43E9-9CB9-EC86A9DE33DE}"
	ProjectSection(ProjectDependencies) = postProject
		{B3F3ADDB-9E01-4F2A-ADCE-EC1DF0F0A2AE} = {B3F3ADDB-9E01-4F2A-ADCE-EC1DF0F0A2AE}
	EndProjectSection
EndProject
Project("{8BC9CEB8-8B4A-11D0-8D11-00A0C91BC942}") = "libbz2_static", "plugins\src\Bz2Lib\bzip2\libbz2_static.vcproj", "{01FBFCFE-6705-47AE-B999-C7DB133C4E22}"
EndProject
Project("{8BC9CEB8-8B4A-11D0-8D11-00A0C91BC942}") = "zlib_static", "plugins\src\GzLib\zlib\zlib_static.vcproj", "{79E8FECD-3616-4E34-A2F8-671A69854595}"
EndProject
Global
	GlobalSection(SolutionConfigurationPlatforms) = preSolution
		Debug|Win32 = Debug|Win32
		Release|Win32 = Release|Win32
		Unicode Debug|Win32 = Unicode Debug|Win32
		Unicode Release|Win32 = Unicode Release|Win32
	EndGlobalSection
	GlobalSection(ProjectConfigurationPlatforms) = postSolution
		{E4935F16-A915-4EC3-922D-4FFD857FBA0A}.Debug|Win32.ActiveCfg = Debug|Win32
		{E4935F16-A915-4EC3-922D-4FFD857FBA0A}.Debug|Win32.Build.0 = Debug|Win32
		{E4935F16-A915-4EC3-922D-4FFD857FBA0A}.Release|Win32.ActiveCfg = Release|Win32
		{E4935F16-A915-4EC3-922D-4FFD857FBA0A}.Release|Win32.Build.0 = Release|Win32
		{E4935F16-A915-4EC3-922D-4FFD857FBA0A}.Unicode Debug|Win32.ActiveCfg = Debug|Win32
		{E4935F16-A915-4EC3-922D-4FFD857FBA0A}.Unicode Debug|Win32.Build.0 = Debug|Win32
		{E4935F16-A915-4EC3-922D-4FFD857FBA0A}.Unicode Release|Win32.ActiveCfg = Release|Win32
		{E4935F16-A915-4EC3-922D-4FFD857FBA0A}.Unicode Release|Win32.Build.0 = Release|Win32
		{09DC2DB5-39B9-4C88-96DE-864C997D62BA}.Debug|Win32.ActiveCfg = Debug|Win32
		{09DC2DB5-39B9-4C88-96DE-864C997D62BA}.Debug|Win32.Build.0 = Debug|Win32
		{09DC2DB5-39B9-4C88-96DE-864C997D62BA}.Release|Win32.ActiveCfg = Release|Win32
		{09DC2DB5-39B9-4C88-96DE-864C997D62BA}.Release|Win32.Build.0 = Release|Win32
		{09DC2DB5-39B9-4C88-96DE-864C997D62BA}.Unicode Debug|Win32.ActiveCfg = Debug|Win32
		{09DC2DB5-39B9-4C88-96DE-864C997D62BA}.Unicode Debug|Win32.Build.0 = Debug|Win32
		{09DC2DB5-39B9-4C88-96DE-864C997D62BA}.Unicode Release|Win32.ActiveCfg = Release|Win32
		{09DC2DB5-39B9-4C88-96DE-864C997D62BA}.Unicode Release|Win32.Build.0 = Release|Win32
		{441EB1BE-0395-4F1D-A00A-DB544CA38821}.Debug|Win32.ActiveCfg = Debug|Win32
		{441EB1BE-0395-4F1D-A00A-DB544CA38821}.Debug|Win32.Build.0 = Debug|Win32
		{441EB1BE-0395-4F1D-A00A-DB544CA38821}.Release|Win32.ActiveCfg = Release|Win32
		{441EB1BE-0395-4F1D-A00A-DB544CA38821}.Release|Win32.Build.0 = Release|Win32
		{441EB1BE-0395-4F1D-A00A-DB544CA38821}.Unicode Debug|Win32.ActiveCfg = Debug|Win32
		{441EB1BE-0395-4F1D-A00A-DB544CA38821}.Unicode Debug|Win32.Build.0 = Debug|Win32
		{441EB1BE-0395-4F1D-A00A-DB544CA38821}.Unicode Release|Win32.ActiveCfg = Release|Win32
		{441EB1BE-0395-4F1D-A00A-DB544CA38821}.Unicode Release|Win32.Build.0 = Release|Win32
		{E2FCF47B-D389-4942-B922-859BF2C45413}.Debug|Win32.ActiveCfg = Debug|Win32
		{E2FCF47B-D389-4942-B922-859BF2C45413}.Debug|Win32.Build.0 = Debug|Win32
		{E2FCF47B-D389-4942-B922-859BF2C45413}.Release|Win32.ActiveCfg = Release|Win32
		{E2FCF47B-D389-4942-B922-859BF2C45413}.Release|Win32.Build.0 = Release|Win32
		{E2FCF47B-D389-4942-B922-859BF2C45413}.Unicode Debug|Win32.ActiveCfg = Debug|Win32
		{E2FCF47B-D389-4942-B922-859BF2C45413}.Unicode Debug|Win32.Build.0 = Debug|Win32
		{E2FCF47B-D389-4942-B922-859BF2C45413}.Unicode Release|Win32.ActiveCfg = Release|Win32
		{E2FCF47B-D389-4942-B922-859BF2C45413}.Unicode Release|Win32.Build.0 = Release|Win32
		{CFCE866F-1628-4CB1-A275-5229AD5D9A53}.Debug|Win32.ActiveCfg = Debug|Win32
		{CFCE866F-1628-4CB1-A275-5229AD5D9A53}.Debug|Win32.Build.0 = Debug|Win32
		{CFCE866F-1628-4CB1-A275-5229AD5D9A53}.Release|Win32.ActiveCfg = Release|Win32
		{CFCE866F-1628-4CB1-A275-5229AD5D9A53}.Release|Win32.Build.0 = Release|Win32
		{CFCE866F-1628-4CB1-A275-5229AD5D9A53}.Unicode Debug|Win32.ActiveCfg = Debug|Win32
		{CFCE866F-1628-4CB1-A275-5229AD5D9A53}.Unicode Debug|Win32.Build.0 = Debug|Win32
		{CFCE866F-1628-4CB1-A275-5229AD5D9A53}.Unicode Release|Win32.ActiveCfg = Release|Win32
		{CFCE866F-1628-4CB1-A275-5229AD5D9A53}.Unicode Release|Win32.Build.0 = Release|Win32
		{5C034E53-01B2-4AFD-BC4F-9A764FED35A7}.Debug|Win32.ActiveCfg = Debug|Win32
		{5C034E53-01B2-4AFD-BC4F-9A764FED35A7}.Debug|Win32.Build.0 = Debug|Win32
		{5C034E53-01B2-4AFD-BC4F-9A764FED35A7}.Release|Win32.ActiveCfg = Release|Win32
		{5C034E53-01B2-4AFD-BC4F-9A764FED35A7}.Release|Win32.Build.0 = Release|Win32
		{5C034E53-01B2-4AFD-BC4F-9A764FED35A7}.Unicode Debug|Win32.ActiveCfg = Debug|Win32
		{5C034E53-01B2-4AFD-BC4F-9A764FED35A7}.Unicode Debug|Win32.Build.0 = Debug|Win32
		{5C034E53-01B2-4AFD-BC4F-9A764FED35A7}.Unicode Release|Win32.ActiveCfg = Release|Win32
		{5C034E53-01B2-4AFD-BC4F-9A764FED35A7}.Unicode Release|Win32.Build.0 = Release|Win32
		{442397A8-589E-4069-A9B7-41A49C358D3E}.Debug|Win32.ActiveCfg = Debug|Win32
		{442397A8-589E-4069-A9B7-41A49C358D3E}.Debug|Win32.Build.0 = Debug|Win32
		{442397A8-589E-4069-A9B7-41A49C358D3E}.Release|Win32.ActiveCfg = Release|Win32
		{442397A8-589E-4069-A9B7-41A49C358D3E}.Release|Win32.Build.0 = Release|Win32
		{442397A8-589E-4069-A9B7-41A49C358D3E}.Unicode Debug|Win32.ActiveCfg = Debug|Win32
		{442397A8-589E-4069-A9B7-41A49C358D3E}.Unicode Debug|Win32.Build.0 = Debug|Win32
		{442397A8-589E-4069-A9B7-41A49C358D3E}.Unicode Release|Win32.ActiveCfg = Release|Win32
		{442397A8-589E-4069-A9B7-41A49C358D3E}.Unicode Release|Win32.Build.0 = Release|Win32
		{E10F8049-D423-4968-AB8C-9EEB0A40DCF1}.Debug|Win32.ActiveCfg = Debug|Win32
		{E10F8049-D423-4968-AB8C-9EEB0A40DCF1}.Debug|Win32.Build.0 = Debug|Win32
		{E10F8049-D423-4968-AB8C-9EEB0A40DCF1}.Release|Win32.ActiveCfg = Release|Win32
		{E10F8049-D423-4968-AB8C-9EEB0A40DCF1}.Release|Win32.Build.0 = Release|Win32
		{E10F8049-D423-4968-AB8C-9EEB0A40DCF1}.Unicode Debug|Win32.ActiveCfg = Debug|Win32
		{E10F8049-D423-4968-AB8C-9EEB0A40DCF1}.Unicode Debug|Win32.Build.0 = Debug|Win32
		{E10F8049-D423-4968-AB8C-9EEB0A40DCF1}.Unicode Release|Win32.ActiveCfg = Release|Win32
		{E10F8049-D423-4968-AB8C-9EEB0A40DCF1}.Unicode Release|Win32.Build.0 = Release|Win32
		{B3F3ADDB-9E01-4F2A-ADCE-EC1DF0F0A2AE}.Debug|Win32.ActiveCfg = Debug|Win32
		{B3F3ADDB-9E01-4F2A-ADCE-EC1DF0F0A2AE}.Debug|Win32.Build.0 = Debug|Win32
		{B3F3ADDB-9E01-4F2A-ADCE-EC1DF0F0A2AE}.Release|Win32.ActiveCfg = Release|Win32
		{B3F3ADDB-9E01-4F2A-ADCE-EC1DF0F0A2AE}.Release|Win32.Build.0 = Release|Win32
		{B3F3ADDB-9E01-4F2A-ADCE-EC1DF0F0A2AE}.Unicode Debug|Win32.ActiveCfg = Unicode Debug|Win32
		{B3F3ADDB-9E01-4F2A-ADCE-EC1DF0F0A2AE}.Unicode Debug|Win32.Build.0 = Unicode Debug|Win32
		{B3F3ADDB-9E01-4F2A-ADCE-EC1DF0F0A2AE}.Unicode Release|Win32.ActiveCfg = Unicode Release|Win32
		{B3F3ADDB-9E01-4F2A-ADCE-EC1DF0F0A2AE}.Unicode Release|Win32.Build.0 = Unicode Release|Win32
		{D3CDCF33-2AF2-43E9-9CB9-EC86A9DE33DE}.Debug|Win32.ActiveCfg = Debug|Win32
		{D3CDCF33-2AF2-43E9-9CB9-EC86A9DE33DE}.Debug|Win32.Build.0 = Debug|Win32
		{D3CDCF33-2AF2-43E9-9CB9-EC86A9DE33DE}.Release|Win32.ActiveCfg = Release|Win32
		{D3CDCF33-2AF2-43E9-9CB9-EC86A9DE33DE}.Release|Win32.Build.0 = Release|Win32
		{D3CDCF33-2AF2-43E9-9CB9-EC86A9DE33DE}.Unicode Debug|Win32.ActiveCfg = Debug|Win32
		{D3CDCF33-2AF2-43E9-9CB9-EC86A9DE33DE}.Unicode Debug|Win32.Build.0 = Debug|Win32
		{D3CDCF33-2AF2-43E9-9CB9-EC86A9DE33DE}.Unicode Release|Win32.ActiveCfg = Release|Win32
		{D3CDCF33-2AF2-43E9-9CB9-EC86A9DE33DE}.Unicode Release|Win32.Build.0 = Release|Win32
		{01FBFCFE-6705-47AE-B999-C7DB133C4E22}.Debug|Win32.ActiveCfg = Debug|Win32
		{01FBFCFE-6705-47AE-B999-C7DB133C4E22}.Debug|Win32.Build.0 = Debug|Win32
		{01FBFCFE-6705-47AE-B999-C7DB133C4E22}.Release|Win32.ActiveCfg = Release|Win32
		{01FBFCFE-6705-47AE-B999-C7DB133C4E22}.Release|Win32.Build.0 = Release|Win32
		{01FBFCFE-6705-47AE-B999-C7DB133C4E22}.Unicode Debug|Win32.ActiveCfg = Debug|Win32
		{01FBFCFE-6705-47AE-B999-C7DB133C4E22}.Unicode Debug|Win32.Build.0 = Debug|Win32
		{01FBFCFE-6705-47AE-B999-C7DB133C4E22}.Unicode Release|Win32.ActiveCfg = Release|Win32
		{01FBFCFE-6705-47AE-B999-C7DB133C4E22}.Unicode Release|Win32.Build.0 = Release|Win32
		{79E8FECD-3616-4E34-A2F8-671A69854595}.Debug|Win32.ActiveCfg = Debug|Win32
		{79E8FECD-3616-4E34-A2F8-671A69854595}.Debug|Win32.Build.0 = Debug|Win32
		{79E8FECD-3616-4E34-A2F8-671A69854595}.Release|Win32.ActiveCfg = Release|Win32
		{79E8FECD-3616-4E34-A2F8-671A69854595}.Release|Win32.Build.0 = Release|Win32
		{79E8FECD-3616-4E34-A2F8-671A69854595}.Unicode Debug|Win32.ActiveCfg = Debug|Win32
		{79E8FECD-3616-4E34-A2F8-671A69854595}.Unicode Debug|Win32.Build.0 = Debug|Win32
		{79E8FECD-3616-4E34-A2F8-671A69854595}.Unicode Release|Win32.ActiveCfg = Release|Win32
		{79E8FECD-3616-4E34-A2F8-671A69854595}.Unicode Release|Win32.Build.0 = Release|Win32
	EndGlobalSection
	GlobalSection(SolutionProperties) = preSolution
		HideSolutionNode = FALSE
	EndGlobalSection
EndGlobal
